// !$*UTF8*$!
{
	archiveVersion = 1;
	classes = {
	};
	objectVersion = 50;
	objects = {

/* Begin PBXBuildFile section */
		3C386DC420C6F4AF0065E355 /* BREthereumP2PCoder.c in Sources */ = {isa = PBXBuildFile; fileRef = 3C386DBB20C6F4AD0065E355 /* BREthereumP2PCoder.c */; };
		3C386DC520C6F4AF0065E355 /* BREthereumLESCoder.c in Sources */ = {isa = PBXBuildFile; fileRef = 3C386DBC20C6F4AD0065E355 /* BREthereumLESCoder.c */; };
		3C386DC620C6F4AF0065E355 /* BREthereumNodeDiscovery.c in Sources */ = {isa = PBXBuildFile; fileRef = 3C386DC020C6F4AE0065E355 /* BREthereumNodeDiscovery.c */; };
		3C386DC720C6F4AF0065E355 /* BREthereumRandom.c in Sources */ = {isa = PBXBuildFile; fileRef = 3C386DC120C6F4AE0065E355 /* BREthereumRandom.c */; };
		3C386DC820C6F4AF0065E355 /* BREthereumEndpoint.c in Sources */ = {isa = PBXBuildFile; fileRef = 3C386DC320C6F4AF0065E355 /* BREthereumEndpoint.c */; };
		3C386DCF20C6F5E40065E355 /* BREthereumBCS.c in Sources */ = {isa = PBXBuildFile; fileRef = 3C386DCA20C6F5E40065E355 /* BREthereumBCS.c */; };
		3C386DD020C6F5E40065E355 /* BREthereumBCSEvent.c in Sources */ = {isa = PBXBuildFile; fileRef = 3C386DCD20C6F5E40065E355 /* BREthereumBCSEvent.c */; };
		3C386DD320C6F6070065E355 /* BREthereumEWMClient.c in Sources */ = {isa = PBXBuildFile; fileRef = 3C386DD120C6F6060065E355 /* BREthereumEWMClient.c */; };
		3C386DD420C6F6070065E355 /* BREthereumEWMEvent.c in Sources */ = {isa = PBXBuildFile; fileRef = 3C386DD220C6F6070065E355 /* BREthereumEWMEvent.c */; };
		3C3B37FD20D82335004F9928 /* BREventAlarm.c in Sources */ = {isa = PBXBuildFile; fileRef = 3C3B37FB20D82335004F9928 /* BREventAlarm.c */; };
		3C9025EF21063AD200143B69 /* testUtil.c in Sources */ = {isa = PBXBuildFile; fileRef = 3C9025EE21063AD200143B69 /* testUtil.c */; };
		3C9025F121063BDC00143B69 /* testRlp.c in Sources */ = {isa = PBXBuildFile; fileRef = 3C9025F021063BDC00143B69 /* testRlp.c */; };
		3C9025F321064B6700143B69 /* testEvent.c in Sources */ = {isa = PBXBuildFile; fileRef = 3C9025F221064B6700143B69 /* testEvent.c */; };
		3C9025F521064E9F00143B69 /* testBc.c in Sources */ = {isa = PBXBuildFile; fileRef = 3C9025F421064E9F00143B69 /* testBc.c */; };
		3C9025F721064FF800143B69 /* testBase.c in Sources */ = {isa = PBXBuildFile; fileRef = 3C9025F621064FF800143B69 /* testBase.c */; };
		3C9025F92106511700143B69 /* testEwm.c in Sources */ = {isa = PBXBuildFile; fileRef = 3C9025F82106511700143B69 /* testEwm.c */; };
		3C9025FB2106613600143B69 /* testContract.c in Sources */ = {isa = PBXBuildFile; fileRef = 3C9025FA2106613600143B69 /* testContract.c */; };
		3C9025FD2108DDAE00143B69 /* BREthereumBCSSync.c in Sources */ = {isa = PBXBuildFile; fileRef = 3C9025FC2108DDAE00143B69 /* BREthereumBCSSync.c */; };
		3C902605210A30F100143B69 /* AppDelegate.swift in Sources */ = {isa = PBXBuildFile; fileRef = 3C902604210A30F100143B69 /* AppDelegate.swift */; };
		3C902607210A30F100143B69 /* MasterViewController.swift in Sources */ = {isa = PBXBuildFile; fileRef = 3C902606210A30F100143B69 /* MasterViewController.swift */; };
		3C902609210A30F100143B69 /* DetailViewController.swift in Sources */ = {isa = PBXBuildFile; fileRef = 3C902608210A30F100143B69 /* DetailViewController.swift */; };
		3C90260C210A30F100143B69 /* Main.storyboard in Resources */ = {isa = PBXBuildFile; fileRef = 3C90260A210A30F100143B69 /* Main.storyboard */; };
		3C90260E210A30F400143B69 /* Assets.xcassets in Resources */ = {isa = PBXBuildFile; fileRef = 3C90260D210A30F400143B69 /* Assets.xcassets */; };
		3C902611210A30F400143B69 /* LaunchScreen.storyboard in Resources */ = {isa = PBXBuildFile; fileRef = 3C90260F210A30F400143B69 /* LaunchScreen.storyboard */; };
		3C90261B210A313C00143B69 /* libCore.a in Frameworks */ = {isa = PBXBuildFile; fileRef = 3CAB609B20AF8C5D00810CE4 /* libCore.a */; };
		3C90261D210A32A000143B69 /* CoreDemoEthereumClient.swift in Sources */ = {isa = PBXBuildFile; fileRef = 3C90261C210A32A000143B69 /* CoreDemoEthereumClient.swift */; };
		3C90261F210A3BBE00143B69 /* BRCore.framework in Embed Frameworks */ = {isa = PBXBuildFile; fileRef = 3CAB60EF20AF936200810CE4 /* BRCore.framework */; settings = {ATTRIBUTES = (CodeSignOnCopy, RemoveHeadersOnCopy, ); }; };
		3C902623210A7E9800143B69 /* BREthereumTransfer.c in Sources */ = {isa = PBXBuildFile; fileRef = 3C902622210A7E9800143B69 /* BREthereumTransfer.c */; };
		3C902627210BD21200143B69 /* BREthereum.c in Sources */ = {isa = PBXBuildFile; fileRef = 3C2A539B20AF595400C430F6 /* BREthereum.c */; };
		3CAB60A920AF8C8500810CE4 /* CoreTests.swift in Sources */ = {isa = PBXBuildFile; fileRef = 3CAB60A820AF8C8500810CE4 /* CoreTests.swift */; };
		3CAB60AB20AF8C8500810CE4 /* libCore.a in Frameworks */ = {isa = PBXBuildFile; fileRef = 3CAB609B20AF8C5D00810CE4 /* libCore.a */; };
		3CAB60B120AF8D1A00810CE4 /* BREthereumEther.c in Sources */ = {isa = PBXBuildFile; fileRef = 3C2A53B320AF595400C430F6 /* BREthereumEther.c */; };
		3CAB60B220AF8D1A00810CE4 /* BREthereumGas.c in Sources */ = {isa = PBXBuildFile; fileRef = 3C2A53B520AF595400C430F6 /* BREthereumGas.c */; };
		3CAB60B320AF8D1A00810CE4 /* BREthereumHash.c in Sources */ = {isa = PBXBuildFile; fileRef = 3C2A53B020AF595400C430F6 /* BREthereumHash.c */; };
		3CAB60B420AF8D1A00810CE4 /* BREthereumAddress.c in Sources */ = {isa = PBXBuildFile; fileRef = 3C2A53B920AF595400C430F6 /* BREthereumAddress.c */; };
		3CAB60B520AF8D1A00810CE4 /* BREthereumSignature.c in Sources */ = {isa = PBXBuildFile; fileRef = 3C2A53AE20AF595400C430F6 /* BREthereumSignature.c */; };
		3CAB60B620AF8D1A00810CE4 /* BREthereumTransaction.c in Sources */ = {isa = PBXBuildFile; fileRef = 3C2A53BB20AF595500C430F6 /* BREthereumTransaction.c */; };
		3CAB60B720AF8D1A00810CE4 /* BREthereumBloomFilter.c in Sources */ = {isa = PBXBuildFile; fileRef = 3C2A53BF20AF595500C430F6 /* BREthereumBloomFilter.c */; };
		3CAB60B820AF8D1A00810CE4 /* BREthereumNetwork.c in Sources */ = {isa = PBXBuildFile; fileRef = 3C2A53C120AF595500C430F6 /* BREthereumNetwork.c */; };
		3CAB60B920AF8D1A00810CE4 /* BREthereumTransactionReceipt.c in Sources */ = {isa = PBXBuildFile; fileRef = 3C2A53C220AF595500C430F6 /* BREthereumTransactionReceipt.c */; };
		3CAB60BA20AF8D1A00810CE4 /* BREthereumAccountState.c in Sources */ = {isa = PBXBuildFile; fileRef = 3C2A53C520AF595500C430F6 /* BREthereumAccountState.c */; };
		3CAB60BB20AF8D1A00810CE4 /* BREthereumLog.c in Sources */ = {isa = PBXBuildFile; fileRef = 3C2A53C620AF595500C430F6 /* BREthereumLog.c */; };
		3CAB60BC20AF8D1A00810CE4 /* BREthereumTransactionStatus.c in Sources */ = {isa = PBXBuildFile; fileRef = 3C2A53C920AF595500C430F6 /* BREthereumTransactionStatus.c */; };
		3CAB60BD20AF8D1A00810CE4 /* BREthereumBlock.c in Sources */ = {isa = PBXBuildFile; fileRef = 3C2A53CB20AF595500C430F6 /* BREthereumBlock.c */; };
		3CAB60BE20AF8D1A00810CE4 /* BREthereumAmount.c in Sources */ = {isa = PBXBuildFile; fileRef = 3C2A53CD20AF595500C430F6 /* BREthereumAmount.c */; };
		3CAB60C020AF8D1A00810CE4 /* BREthereumAccount.c in Sources */ = {isa = PBXBuildFile; fileRef = 3C2A537720AF595400C430F6 /* BREthereumAccount.c */; };
		3CAB60C120AF8D1A00810CE4 /* BREthereumWallet.c in Sources */ = {isa = PBXBuildFile; fileRef = 3C2A539C20AF595400C430F6 /* BREthereumWallet.c */; };
		3CAB60C220AF8D1A00810CE4 /* BREthereumToken.c in Sources */ = {isa = PBXBuildFile; fileRef = 3C2A53AA20AF595400C430F6 /* BREthereumToken.c */; };
		3CAB60C320AF8D1A00810CE4 /* BREthereumContract.c in Sources */ = {isa = PBXBuildFile; fileRef = 3C2A53A920AF595400C430F6 /* BREthereumContract.c */; };
		3CAB60C420AF8D1A00810CE4 /* BREvent.c in Sources */ = {isa = PBXBuildFile; fileRef = 3C2A539220AF595400C430F6 /* BREvent.c */; };
		3CAB60C520AF8D1A00810CE4 /* BREventQueue.c in Sources */ = {isa = PBXBuildFile; fileRef = 3C2A539520AF595400C430F6 /* BREventQueue.c */; };
		3CAB60C620AF8D1A00810CE4 /* BREthereumHandshake.c in Sources */ = {isa = PBXBuildFile; fileRef = 3C2A538020AF595400C430F6 /* BREthereumHandshake.c */; };
		3CAB60C720AF8D1A00810CE4 /* BREthereumNodeManager.c in Sources */ = {isa = PBXBuildFile; fileRef = 3C2A538520AF595400C430F6 /* BREthereumNodeManager.c */; };
		3CAB60C820AF8D1A00810CE4 /* BREthereumLES.c in Sources */ = {isa = PBXBuildFile; fileRef = 3C2A538620AF595400C430F6 /* BREthereumLES.c */; };
		3CAB60C920AF8D1A00810CE4 /* BREthereumNodeEventHandler.c in Sources */ = {isa = PBXBuildFile; fileRef = 3C2A538A20AF595400C430F6 /* BREthereumNodeEventHandler.c */; };
		3CAB60CA20AF8D1A00810CE4 /* BREthereumFrameCoder.c in Sources */ = {isa = PBXBuildFile; fileRef = 3C2A538B20AF595400C430F6 /* BREthereumFrameCoder.c */; };
		3CAB60CB20AF8D1A00810CE4 /* BREthereumNode.c in Sources */ = {isa = PBXBuildFile; fileRef = 3C2A538C20AF595400C430F6 /* BREthereumNode.c */; };
		3CAB60CC20AF8D1A00810CE4 /* BREthereumLESBase.c in Sources */ = {isa = PBXBuildFile; fileRef = 3C2A538D20AF595400C430F6 /* BREthereumLESBase.c */; };
		3CAB60CD20AF8D1A00810CE4 /* BREthereumEWM.c in Sources */ = {isa = PBXBuildFile; fileRef = 3C2A53A220AF595400C430F6 /* BREthereumEWM.c */; };
		3CAB60D120AF8D1A00810CE4 /* BRRlpCoder.c in Sources */ = {isa = PBXBuildFile; fileRef = 3C2A539A20AF595400C430F6 /* BRRlpCoder.c */; };
		3CAB60D220AF8D1A00810CE4 /* BRUtilMath.c in Sources */ = {isa = PBXBuildFile; fileRef = 3C2A537B20AF595400C430F6 /* BRUtilMath.c */; };
		3CAB60D320AF8D1A00810CE4 /* BRUtilMathParse.c in Sources */ = {isa = PBXBuildFile; fileRef = 3C2A537C20AF595400C430F6 /* BRUtilMathParse.c */; };
		3CAB60D420AF8D1A00810CE4 /* BRUtilHex.c in Sources */ = {isa = PBXBuildFile; fileRef = 3C2A537E20AF595400C430F6 /* BRUtilHex.c */; };
		3CAB60D520AF8D1A00810CE4 /* BRBCashAddr.c in Sources */ = {isa = PBXBuildFile; fileRef = 3C590F3D20950C720005597B /* BRBCashAddr.c */; };
		3CAB60D620AF8D1A00810CE4 /* BRAddress.c in Sources */ = {isa = PBXBuildFile; fileRef = 3C590F3420950C720005597B /* BRAddress.c */; };
		3CAB60D720AF8D1A00810CE4 /* BRBase58.c in Sources */ = {isa = PBXBuildFile; fileRef = 3C590F4A20950C730005597B /* BRBase58.c */; };
		3CAB60D820AF8D1A00810CE4 /* BRBech32.c in Sources */ = {isa = PBXBuildFile; fileRef = 3C590F4420950C730005597B /* BRBech32.c */; };
		3CAB60D920AF8D1A00810CE4 /* BRBIP32Sequence.c in Sources */ = {isa = PBXBuildFile; fileRef = 3C590F3220950C720005597B /* BRBIP32Sequence.c */; };
		3CAB60DA20AF8D1A00810CE4 /* BRBIP38Key.c in Sources */ = {isa = PBXBuildFile; fileRef = 3C590F5820950C750005597B /* BRBIP38Key.c */; };
		3CAB60DB20AF8D1A00810CE4 /* BRBIP39Mnemonic.c in Sources */ = {isa = PBXBuildFile; fileRef = 3C590F5920950C750005597B /* BRBIP39Mnemonic.c */; };
		3CAB60DC20AF8D1A00810CE4 /* BRBloomFilter.c in Sources */ = {isa = PBXBuildFile; fileRef = 3C590F4E20950C730005597B /* BRBloomFilter.c */; };
		3CAB60DD20AF8D1A00810CE4 /* BRCrypto.c in Sources */ = {isa = PBXBuildFile; fileRef = 3C590F5520950C740005597B /* BRCrypto.c */; };
		3CAB60DE20AF8D1A00810CE4 /* BRKeyECIES.c in Sources */ = {isa = PBXBuildFile; fileRef = 3CA74EA920AF622D00EDF3E7 /* BRKeyECIES.c */; };
		3CAB60DF20AF8D1A00810CE4 /* BRKey.c in Sources */ = {isa = PBXBuildFile; fileRef = 3C590F5420950C740005597B /* BRKey.c */; };
		3CAB60E020AF8D1A00810CE4 /* BRMerkleBlock.c in Sources */ = {isa = PBXBuildFile; fileRef = 3C590F3520950C720005597B /* BRMerkleBlock.c */; };
		3CAB60E120AF8D1A00810CE4 /* BRPaymentProtocol.c in Sources */ = {isa = PBXBuildFile; fileRef = 3C590F3A20950C720005597B /* BRPaymentProtocol.c */; };
		3CAB60E220AF8D1A00810CE4 /* BRPeer.c in Sources */ = {isa = PBXBuildFile; fileRef = 3C590F5120950C740005597B /* BRPeer.c */; };
		3CAB60E320AF8D1A00810CE4 /* BRPeerManager.c in Sources */ = {isa = PBXBuildFile; fileRef = 3C590F4B20950C730005597B /* BRPeerManager.c */; };
		3CAB60E420AF8D1A00810CE4 /* BRSet.c in Sources */ = {isa = PBXBuildFile; fileRef = 3C590F4D20950C730005597B /* BRSet.c */; };
		3CAB60E520AF8D1A00810CE4 /* BRTransaction.c in Sources */ = {isa = PBXBuildFile; fileRef = 3C590F5320950C740005597B /* BRTransaction.c */; };
		3CAB60E620AF8D1A00810CE4 /* BRWallet.c in Sources */ = {isa = PBXBuildFile; fileRef = 3C590F5720950C740005597B /* BRWallet.c */; };
		3CAB60E720AF8ED800810CE4 /* test.c in Sources */ = {isa = PBXBuildFile; fileRef = 3C2A53A620AF595400C430F6 /* test.c */; };
		3CAB60E820AF8EE000810CE4 /* test.c in Sources */ = {isa = PBXBuildFile; fileRef = 3C42EF8E209763AB000E58E0 /* test.c */; };
		3CAB60F820AF936200810CE4 /* BRCore.framework in Frameworks */ = {isa = PBXBuildFile; fileRef = 3CAB60EF20AF936200810CE4 /* BRCore.framework */; };
		3CAB60FD20AF936200810CE4 /* BRCoreTests.swift in Sources */ = {isa = PBXBuildFile; fileRef = 3CAB60FC20AF936200810CE4 /* BRCoreTests.swift */; };
		3CAB60FF20AF936300810CE4 /* BRCore.h in Headers */ = {isa = PBXBuildFile; fileRef = 3CAB60F120AF936200810CE4 /* BRCore.h */; settings = {ATTRIBUTES = (Public, ); }; };
		3CAB610B20AF938E00810CE4 /* libCore.a in Frameworks */ = {isa = PBXBuildFile; fileRef = 3CAB609B20AF8C5D00810CE4 /* libCore.a */; };
		3CAB611D20B347A200810CE4 /* BRCore.swift in Sources */ = {isa = PBXBuildFile; fileRef = 3CAB611B20B347A200810CE4 /* BRCore.swift */; };
		3CAB612820B347B300810CE4 /* UserDefaults+Additions.swift in Sources */ = {isa = PBXBuildFile; fileRef = 3CAB611F20B347B200810CE4 /* UserDefaults+Additions.swift */; };
		3CAB612920B347B300810CE4 /* FeeUpdater.swift in Sources */ = {isa = PBXBuildFile; fileRef = 3CAB612020B347B200810CE4 /* FeeUpdater.swift */; };
		3CAB612A20B347B300810CE4 /* Environment.swift in Sources */ = {isa = PBXBuildFile; fileRef = 3CAB612120B347B200810CE4 /* Environment.swift */; };
		3CAB612B20B347B300810CE4 /* Currency.swift in Sources */ = {isa = PBXBuildFile; fileRef = 3CAB612220B347B200810CE4 /* Currency.swift */; };
		3CAB612C20B347B300810CE4 /* Rate.swift in Sources */ = {isa = PBXBuildFile; fileRef = 3CAB612320B347B200810CE4 /* Rate.swift */; };
		3CAB612D20B347B300810CE4 /* Strings.swift in Sources */ = {isa = PBXBuildFile; fileRef = 3CAB612420B347B200810CE4 /* Strings.swift */; };
		3CAB612E20B347B300810CE4 /* Support.swift in Sources */ = {isa = PBXBuildFile; fileRef = 3CAB612520B347B200810CE4 /* Support.swift */; };
		3CAB613020B347B300810CE4 /* Constants.swift in Sources */ = {isa = PBXBuildFile; fileRef = 3CAB612720B347B200810CE4 /* Constants.swift */; };
		3CAB613220B34EFF00810CE4 /* BREthereumEther.h in Headers */ = {isa = PBXBuildFile; fileRef = 3C2A53AD20AF595400C430F6 /* BREthereumEther.h */; settings = {ATTRIBUTES = (Public, ); }; };
		3CAB613320B3536000810CE4 /* test-les.c in Sources */ = {isa = PBXBuildFile; fileRef = 3C2A538920AF595400C430F6 /* test-les.c */; };
		3CDA7648210015A5005F4CF8 /* BREthereum.swift in Sources */ = {isa = PBXBuildFile; fileRef = 3CAB611C20B347A200810CE4 /* BREthereum.swift */; };
		3CDA764B210138B3005F4CF8 /* BREthereumEWMClientEvent.c in Sources */ = {isa = PBXBuildFile; fileRef = 3CDA764A210138B2005F4CF8 /* BREthereumEWMClientEvent.c */; };
		CA92F7902100F9CA0015C966 /* BRKeccak.c in Sources */ = {isa = PBXBuildFile; fileRef = CA92F78F2100F9CA0015C966 /* BRKeccak.c */; };
/* End PBXBuildFile section */

/* Begin PBXContainerItemProxy section */
		3C902616210A312500143B69 /* PBXContainerItemProxy */ = {
			isa = PBXContainerItemProxy;
			containerPortal = 3C590F0E20950C160005597B /* Project object */;
			proxyType = 1;
			remoteGlobalIDString = 3CAB60EE20AF936200810CE4;
			remoteInfo = BRCore;
		};
		3C902618210A312500143B69 /* PBXContainerItemProxy */ = {
			isa = PBXContainerItemProxy;
			containerPortal = 3C590F0E20950C160005597B /* Project object */;
			proxyType = 1;
			remoteGlobalIDString = 3CAB609A20AF8C5D00810CE4;
			remoteInfo = Core;
		};
		3CAB60AC20AF8C8500810CE4 /* PBXContainerItemProxy */ = {
			isa = PBXContainerItemProxy;
			containerPortal = 3C590F0E20950C160005597B /* Project object */;
			proxyType = 1;
			remoteGlobalIDString = 3CAB609A20AF8C5D00810CE4;
			remoteInfo = Core;
		};
		3CAB60F920AF936200810CE4 /* PBXContainerItemProxy */ = {
			isa = PBXContainerItemProxy;
			containerPortal = 3C590F0E20950C160005597B /* Project object */;
			proxyType = 1;
			remoteGlobalIDString = 3CAB60EE20AF936200810CE4;
			remoteInfo = BRCore2;
		};
		3CAB610820AF938500810CE4 /* PBXContainerItemProxy */ = {
			isa = PBXContainerItemProxy;
			containerPortal = 3C590F0E20950C160005597B /* Project object */;
			proxyType = 1;
			remoteGlobalIDString = 3CAB609A20AF8C5D00810CE4;
			remoteInfo = Core;
		};
/* End PBXContainerItemProxy section */

/* Begin PBXCopyFilesBuildPhase section */
		3C902620210A3BBE00143B69 /* Embed Frameworks */ = {
			isa = PBXCopyFilesBuildPhase;
			buildActionMask = 2147483647;
			dstPath = "";
			dstSubfolderSpec = 10;
			files = (
				3C90261F210A3BBE00143B69 /* BRCore.framework in Embed Frameworks */,
			);
			name = "Embed Frameworks";
			runOnlyForDeploymentPostprocessing = 0;
		};
		3CAB609920AF8C5D00810CE4 /* CopyFiles */ = {
			isa = PBXCopyFilesBuildPhase;
			buildActionMask = 2147483647;
			dstPath = "include/$(PRODUCT_NAME)";
			dstSubfolderSpec = 16;
			files = (
			);
			runOnlyForDeploymentPostprocessing = 0;
		};
/* End PBXCopyFilesBuildPhase section */

/* Begin PBXFileReference section */
		3C2A537720AF595400C430F6 /* BREthereumAccount.c */ = {isa = PBXFileReference; fileEncoding = 4; lastKnownFileType = sourcecode.c.c; path = BREthereumAccount.c; sourceTree = "<group>"; };
		3C2A537920AF595400C430F6 /* BRUtilMath.h */ = {isa = PBXFileReference; fileEncoding = 4; lastKnownFileType = sourcecode.c.h; path = BRUtilMath.h; sourceTree = "<group>"; };
		3C2A537A20AF595400C430F6 /* BRUtilHex.h */ = {isa = PBXFileReference; fileEncoding = 4; lastKnownFileType = sourcecode.c.h; path = BRUtilHex.h; sourceTree = "<group>"; };
		3C2A537B20AF595400C430F6 /* BRUtilMath.c */ = {isa = PBXFileReference; fileEncoding = 4; lastKnownFileType = sourcecode.c.c; path = BRUtilMath.c; sourceTree = "<group>"; };
		3C2A537C20AF595400C430F6 /* BRUtilMathParse.c */ = {isa = PBXFileReference; fileEncoding = 4; lastKnownFileType = sourcecode.c.c; path = BRUtilMathParse.c; sourceTree = "<group>"; };
		3C2A537D20AF595400C430F6 /* BRUtil.h */ = {isa = PBXFileReference; fileEncoding = 4; lastKnownFileType = sourcecode.c.h; path = BRUtil.h; sourceTree = "<group>"; };
		3C2A537E20AF595400C430F6 /* BRUtilHex.c */ = {isa = PBXFileReference; fileEncoding = 4; lastKnownFileType = sourcecode.c.c; path = BRUtilHex.c; sourceTree = "<group>"; };
		3C2A538020AF595400C430F6 /* BREthereumHandshake.c */ = {isa = PBXFileReference; fileEncoding = 4; lastKnownFileType = sourcecode.c.c; path = BREthereumHandshake.c; sourceTree = "<group>"; };
		3C2A538120AF595400C430F6 /* BREthereumNodeEventHandler.h */ = {isa = PBXFileReference; fileEncoding = 4; lastKnownFileType = sourcecode.c.h; path = BREthereumNodeEventHandler.h; sourceTree = "<group>"; };
		3C2A538220AF595400C430F6 /* test-les.h */ = {isa = PBXFileReference; fileEncoding = 4; lastKnownFileType = sourcecode.c.h; path = "test-les.h"; sourceTree = "<group>"; };
		3C2A538320AF595400C430F6 /* BREthereumNode.h */ = {isa = PBXFileReference; fileEncoding = 4; lastKnownFileType = sourcecode.c.h; path = BREthereumNode.h; sourceTree = "<group>"; };
		3C2A538420AF595400C430F6 /* BREthereumFrameCoder.h */ = {isa = PBXFileReference; fileEncoding = 4; lastKnownFileType = sourcecode.c.h; path = BREthereumFrameCoder.h; sourceTree = "<group>"; };
		3C2A538520AF595400C430F6 /* BREthereumNodeManager.c */ = {isa = PBXFileReference; fileEncoding = 4; lastKnownFileType = sourcecode.c.c; path = BREthereumNodeManager.c; sourceTree = "<group>"; };
		3C2A538620AF595400C430F6 /* BREthereumLES.c */ = {isa = PBXFileReference; fileEncoding = 4; lastKnownFileType = sourcecode.c.c; path = BREthereumLES.c; sourceTree = "<group>"; };
		3C2A538720AF595400C430F6 /* BREthereumLESBase.h */ = {isa = PBXFileReference; fileEncoding = 4; lastKnownFileType = sourcecode.c.h; path = BREthereumLESBase.h; sourceTree = "<group>"; };
		3C2A538820AF595400C430F6 /* BREthereumHandshake.h */ = {isa = PBXFileReference; fileEncoding = 4; lastKnownFileType = sourcecode.c.h; path = BREthereumHandshake.h; sourceTree = "<group>"; };
		3C2A538920AF595400C430F6 /* test-les.c */ = {isa = PBXFileReference; fileEncoding = 4; lastKnownFileType = sourcecode.c.c; path = "test-les.c"; sourceTree = "<group>"; };
		3C2A538A20AF595400C430F6 /* BREthereumNodeEventHandler.c */ = {isa = PBXFileReference; fileEncoding = 4; lastKnownFileType = sourcecode.c.c; path = BREthereumNodeEventHandler.c; sourceTree = "<group>"; };
		3C2A538B20AF595400C430F6 /* BREthereumFrameCoder.c */ = {isa = PBXFileReference; fileEncoding = 4; lastKnownFileType = sourcecode.c.c; path = BREthereumFrameCoder.c; sourceTree = "<group>"; };
		3C2A538C20AF595400C430F6 /* BREthereumNode.c */ = {isa = PBXFileReference; fileEncoding = 4; lastKnownFileType = sourcecode.c.c; path = BREthereumNode.c; sourceTree = "<group>"; };
		3C2A538D20AF595400C430F6 /* BREthereumLESBase.c */ = {isa = PBXFileReference; fileEncoding = 4; lastKnownFileType = sourcecode.c.c; path = BREthereumLESBase.c; sourceTree = "<group>"; };
		3C2A538E20AF595400C430F6 /* BREthereumLES.h */ = {isa = PBXFileReference; fileEncoding = 4; lastKnownFileType = sourcecode.c.h; path = BREthereumLES.h; sourceTree = "<group>"; };
		3C2A538F20AF595400C430F6 /* BREthereumNodeManager.h */ = {isa = PBXFileReference; fileEncoding = 4; lastKnownFileType = sourcecode.c.h; path = BREthereumNodeManager.h; sourceTree = "<group>"; };
		3C2A539020AF595400C430F6 /* BREthereumWallet.h */ = {isa = PBXFileReference; fileEncoding = 4; lastKnownFileType = sourcecode.c.h; path = BREthereumWallet.h; sourceTree = "<group>"; };
		3C2A539220AF595400C430F6 /* BREvent.c */ = {isa = PBXFileReference; fileEncoding = 4; lastKnownFileType = sourcecode.c.c; path = BREvent.c; sourceTree = "<group>"; };
		3C2A539320AF595400C430F6 /* BREventQueue.h */ = {isa = PBXFileReference; fileEncoding = 4; lastKnownFileType = sourcecode.c.h; path = BREventQueue.h; sourceTree = "<group>"; };
		3C2A539420AF595400C430F6 /* BREvent.h */ = {isa = PBXFileReference; fileEncoding = 4; lastKnownFileType = sourcecode.c.h; path = BREvent.h; sourceTree = "<group>"; };
		3C2A539520AF595400C430F6 /* BREventQueue.c */ = {isa = PBXFileReference; fileEncoding = 4; lastKnownFileType = sourcecode.c.c; path = BREventQueue.c; sourceTree = "<group>"; };
		3C2A539620AF595400C430F6 /* BREthereum.h */ = {isa = PBXFileReference; fileEncoding = 4; lastKnownFileType = sourcecode.c.h; name = BREthereum.h; path = ../../ethereum/BREthereum.h; sourceTree = "<group>"; };
		3C2A539820AF595400C430F6 /* BRRlp.h */ = {isa = PBXFileReference; fileEncoding = 4; lastKnownFileType = sourcecode.c.h; path = BRRlp.h; sourceTree = "<group>"; };
		3C2A539920AF595400C430F6 /* BRRlpCoder.h */ = {isa = PBXFileReference; fileEncoding = 4; lastKnownFileType = sourcecode.c.h; path = BRRlpCoder.h; sourceTree = "<group>"; };
		3C2A539A20AF595400C430F6 /* BRRlpCoder.c */ = {isa = PBXFileReference; fileEncoding = 4; lastKnownFileType = sourcecode.c.c; path = BRRlpCoder.c; sourceTree = "<group>"; };
		3C2A539B20AF595400C430F6 /* BREthereum.c */ = {isa = PBXFileReference; fileEncoding = 4; lastKnownFileType = sourcecode.c.c; name = BREthereum.c; path = ../../ethereum/BREthereum.c; sourceTree = "<group>"; };
		3C2A539C20AF595400C430F6 /* BREthereumWallet.c */ = {isa = PBXFileReference; fileEncoding = 4; lastKnownFileType = sourcecode.c.c; path = BREthereumWallet.c; sourceTree = "<group>"; };
		3C2A539D20AF595400C430F6 /* BREthereumPrivate.h */ = {isa = PBXFileReference; fileEncoding = 4; lastKnownFileType = sourcecode.c.h; name = BREthereumPrivate.h; path = ../../ethereum/BREthereumPrivate.h; sourceTree = "<group>"; };
		3C2A53A020AF595400C430F6 /* BREthereumEWM.h */ = {isa = PBXFileReference; fileEncoding = 4; lastKnownFileType = sourcecode.c.h; path = BREthereumEWM.h; sourceTree = "<group>"; };
		3C2A53A220AF595400C430F6 /* BREthereumEWM.c */ = {isa = PBXFileReference; fileEncoding = 4; lastKnownFileType = sourcecode.c.c; path = BREthereumEWM.c; sourceTree = "<group>"; };
		3C2A53A320AF595400C430F6 /* BREthereumEWMPrivate.h */ = {isa = PBXFileReference; fileEncoding = 4; lastKnownFileType = sourcecode.c.h; path = BREthereumEWMPrivate.h; sourceTree = "<group>"; };
		3C2A53A520AF595400C430F6 /* BREthereumAccount.h */ = {isa = PBXFileReference; fileEncoding = 4; lastKnownFileType = sourcecode.c.h; path = BREthereumAccount.h; sourceTree = "<group>"; };
		3C2A53A620AF595400C430F6 /* test.c */ = {isa = PBXFileReference; fileEncoding = 4; lastKnownFileType = sourcecode.c.c; name = test.c; path = ../../ethereum/test.c; sourceTree = "<group>"; };
		3C2A53A820AF595400C430F6 /* BREthereumToken.h */ = {isa = PBXFileReference; fileEncoding = 4; lastKnownFileType = sourcecode.c.h; path = BREthereumToken.h; sourceTree = "<group>"; };
		3C2A53A920AF595400C430F6 /* BREthereumContract.c */ = {isa = PBXFileReference; fileEncoding = 4; lastKnownFileType = sourcecode.c.c; path = BREthereumContract.c; sourceTree = "<group>"; };
		3C2A53AA20AF595400C430F6 /* BREthereumToken.c */ = {isa = PBXFileReference; fileEncoding = 4; lastKnownFileType = sourcecode.c.c; path = BREthereumToken.c; sourceTree = "<group>"; };
		3C2A53AB20AF595400C430F6 /* BREthereumContract.h */ = {isa = PBXFileReference; fileEncoding = 4; lastKnownFileType = sourcecode.c.h; path = BREthereumContract.h; sourceTree = "<group>"; };
		3C2A53AD20AF595400C430F6 /* BREthereumEther.h */ = {isa = PBXFileReference; fileEncoding = 4; lastKnownFileType = sourcecode.c.h; path = BREthereumEther.h; sourceTree = "<group>"; };
		3C2A53AE20AF595400C430F6 /* BREthereumSignature.c */ = {isa = PBXFileReference; fileEncoding = 4; lastKnownFileType = sourcecode.c.c; path = BREthereumSignature.c; sourceTree = "<group>"; };
		3C2A53AF20AF595400C430F6 /* BREthereumGas.h */ = {isa = PBXFileReference; fileEncoding = 4; lastKnownFileType = sourcecode.c.h; path = BREthereumGas.h; sourceTree = "<group>"; };
		3C2A53B020AF595400C430F6 /* BREthereumHash.c */ = {isa = PBXFileReference; fileEncoding = 4; lastKnownFileType = sourcecode.c.c; path = BREthereumHash.c; sourceTree = "<group>"; };
		3C2A53B120AF595400C430F6 /* BREthereumLogic.h */ = {isa = PBXFileReference; fileEncoding = 4; lastKnownFileType = sourcecode.c.h; path = BREthereumLogic.h; sourceTree = "<group>"; };
		3C2A53B220AF595400C430F6 /* BREthereumAddress.h */ = {isa = PBXFileReference; fileEncoding = 4; lastKnownFileType = sourcecode.c.h; path = BREthereumAddress.h; sourceTree = "<group>"; };
		3C2A53B320AF595400C430F6 /* BREthereumEther.c */ = {isa = PBXFileReference; fileEncoding = 4; lastKnownFileType = sourcecode.c.c; path = BREthereumEther.c; sourceTree = "<group>"; };
		3C2A53B420AF595400C430F6 /* BREthereumHash.h */ = {isa = PBXFileReference; fileEncoding = 4; lastKnownFileType = sourcecode.c.h; path = BREthereumHash.h; sourceTree = "<group>"; };
		3C2A53B520AF595400C430F6 /* BREthereumGas.c */ = {isa = PBXFileReference; fileEncoding = 4; lastKnownFileType = sourcecode.c.c; path = BREthereumGas.c; sourceTree = "<group>"; };
		3C2A53B620AF595400C430F6 /* BREthereumBase.h */ = {isa = PBXFileReference; fileEncoding = 4; lastKnownFileType = sourcecode.c.h; path = BREthereumBase.h; sourceTree = "<group>"; };
		3C2A53B720AF595400C430F6 /* BREthereumSignature.h */ = {isa = PBXFileReference; fileEncoding = 4; lastKnownFileType = sourcecode.c.h; path = BREthereumSignature.h; sourceTree = "<group>"; };
		3C2A53B920AF595400C430F6 /* BREthereumAddress.c */ = {isa = PBXFileReference; fileEncoding = 4; lastKnownFileType = sourcecode.c.c; path = BREthereumAddress.c; sourceTree = "<group>"; };
		3C2A53BB20AF595500C430F6 /* BREthereumTransaction.c */ = {isa = PBXFileReference; fileEncoding = 4; lastKnownFileType = sourcecode.c.c; path = BREthereumTransaction.c; sourceTree = "<group>"; };
		3C2A53BC20AF595500C430F6 /* BREthereumBlockChain.h */ = {isa = PBXFileReference; fileEncoding = 4; lastKnownFileType = sourcecode.c.h; path = BREthereumBlockChain.h; sourceTree = "<group>"; };
		3C2A53BD20AF595500C430F6 /* BREthereumLog.h */ = {isa = PBXFileReference; fileEncoding = 4; lastKnownFileType = sourcecode.c.h; path = BREthereumLog.h; sourceTree = "<group>"; };
		3C2A53BE20AF595500C430F6 /* BREthereumAccountState.h */ = {isa = PBXFileReference; fileEncoding = 4; lastKnownFileType = sourcecode.c.h; path = BREthereumAccountState.h; sourceTree = "<group>"; };
		3C2A53BF20AF595500C430F6 /* BREthereumBloomFilter.c */ = {isa = PBXFileReference; fileEncoding = 4; lastKnownFileType = sourcecode.c.c; path = BREthereumBloomFilter.c; sourceTree = "<group>"; };
		3C2A53C020AF595500C430F6 /* BREthereumTransactionStatus.h */ = {isa = PBXFileReference; fileEncoding = 4; lastKnownFileType = sourcecode.c.h; path = BREthereumTransactionStatus.h; sourceTree = "<group>"; };
		3C2A53C120AF595500C430F6 /* BREthereumNetwork.c */ = {isa = PBXFileReference; fileEncoding = 4; lastKnownFileType = sourcecode.c.c; path = BREthereumNetwork.c; sourceTree = "<group>"; };
		3C2A53C220AF595500C430F6 /* BREthereumTransactionReceipt.c */ = {isa = PBXFileReference; fileEncoding = 4; lastKnownFileType = sourcecode.c.c; path = BREthereumTransactionReceipt.c; sourceTree = "<group>"; };
		3C2A53C320AF595500C430F6 /* BREthereumBlock.h */ = {isa = PBXFileReference; fileEncoding = 4; lastKnownFileType = sourcecode.c.h; path = BREthereumBlock.h; sourceTree = "<group>"; };
		3C2A53C420AF595500C430F6 /* BREthereumAmount.h */ = {isa = PBXFileReference; fileEncoding = 4; lastKnownFileType = sourcecode.c.h; path = BREthereumAmount.h; sourceTree = "<group>"; };
		3C2A53C520AF595500C430F6 /* BREthereumAccountState.c */ = {isa = PBXFileReference; fileEncoding = 4; lastKnownFileType = sourcecode.c.c; path = BREthereumAccountState.c; sourceTree = "<group>"; };
		3C2A53C620AF595500C430F6 /* BREthereumLog.c */ = {isa = PBXFileReference; fileEncoding = 4; lastKnownFileType = sourcecode.c.c; path = BREthereumLog.c; sourceTree = "<group>"; };
		3C2A53C720AF595500C430F6 /* BREthereumTransaction.h */ = {isa = PBXFileReference; fileEncoding = 4; lastKnownFileType = sourcecode.c.h; path = BREthereumTransaction.h; sourceTree = "<group>"; };
		3C2A53C820AF595500C430F6 /* BREthereumNetwork.h */ = {isa = PBXFileReference; fileEncoding = 4; lastKnownFileType = sourcecode.c.h; path = BREthereumNetwork.h; sourceTree = "<group>"; };
		3C2A53C920AF595500C430F6 /* BREthereumTransactionStatus.c */ = {isa = PBXFileReference; fileEncoding = 4; lastKnownFileType = sourcecode.c.c; path = BREthereumTransactionStatus.c; sourceTree = "<group>"; };
		3C2A53CA20AF595500C430F6 /* BREthereumBloomFilter.h */ = {isa = PBXFileReference; fileEncoding = 4; lastKnownFileType = sourcecode.c.h; path = BREthereumBloomFilter.h; sourceTree = "<group>"; };
		3C2A53CB20AF595500C430F6 /* BREthereumBlock.c */ = {isa = PBXFileReference; fileEncoding = 4; lastKnownFileType = sourcecode.c.c; path = BREthereumBlock.c; sourceTree = "<group>"; };
		3C2A53CC20AF595500C430F6 /* BREthereumTransactionReceipt.h */ = {isa = PBXFileReference; fileEncoding = 4; lastKnownFileType = sourcecode.c.h; path = BREthereumTransactionReceipt.h; sourceTree = "<group>"; };
		3C2A53CD20AF595500C430F6 /* BREthereumAmount.c */ = {isa = PBXFileReference; fileEncoding = 4; lastKnownFileType = sourcecode.c.c; path = BREthereumAmount.c; sourceTree = "<group>"; };
		3C386DBA20C6F4AD0065E355 /* BREthereumP2PCoder.h */ = {isa = PBXFileReference; fileEncoding = 4; lastKnownFileType = sourcecode.c.h; path = BREthereumP2PCoder.h; sourceTree = "<group>"; };
		3C386DBB20C6F4AD0065E355 /* BREthereumP2PCoder.c */ = {isa = PBXFileReference; fileEncoding = 4; lastKnownFileType = sourcecode.c.c; path = BREthereumP2PCoder.c; sourceTree = "<group>"; };
		3C386DBC20C6F4AD0065E355 /* BREthereumLESCoder.c */ = {isa = PBXFileReference; fileEncoding = 4; lastKnownFileType = sourcecode.c.c; path = BREthereumLESCoder.c; sourceTree = "<group>"; };
		3C386DBD20C6F4AE0065E355 /* BREthereumRandom.h */ = {isa = PBXFileReference; fileEncoding = 4; lastKnownFileType = sourcecode.c.h; path = BREthereumRandom.h; sourceTree = "<group>"; };
		3C386DBE20C6F4AE0065E355 /* BREthereumEndpoint.h */ = {isa = PBXFileReference; fileEncoding = 4; lastKnownFileType = sourcecode.c.h; path = BREthereumEndpoint.h; sourceTree = "<group>"; };
		3C386DBF20C6F4AE0065E355 /* BREthereumLESCoder.h */ = {isa = PBXFileReference; fileEncoding = 4; lastKnownFileType = sourcecode.c.h; path = BREthereumLESCoder.h; sourceTree = "<group>"; };
		3C386DC020C6F4AE0065E355 /* BREthereumNodeDiscovery.c */ = {isa = PBXFileReference; fileEncoding = 4; lastKnownFileType = sourcecode.c.c; path = BREthereumNodeDiscovery.c; sourceTree = "<group>"; };
		3C386DC120C6F4AE0065E355 /* BREthereumRandom.c */ = {isa = PBXFileReference; fileEncoding = 4; lastKnownFileType = sourcecode.c.c; path = BREthereumRandom.c; sourceTree = "<group>"; };
		3C386DC220C6F4AE0065E355 /* BREthereumNodeDiscovery.h */ = {isa = PBXFileReference; fileEncoding = 4; lastKnownFileType = sourcecode.c.h; path = BREthereumNodeDiscovery.h; sourceTree = "<group>"; };
		3C386DC320C6F4AF0065E355 /* BREthereumEndpoint.c */ = {isa = PBXFileReference; fileEncoding = 4; lastKnownFileType = sourcecode.c.c; path = BREthereumEndpoint.c; sourceTree = "<group>"; };
		3C386DCA20C6F5E40065E355 /* BREthereumBCS.c */ = {isa = PBXFileReference; fileEncoding = 4; lastKnownFileType = sourcecode.c.c; path = BREthereumBCS.c; sourceTree = "<group>"; };
		3C386DCB20C6F5E40065E355 /* BREthereumBlockChainSlice.h */ = {isa = PBXFileReference; fileEncoding = 4; lastKnownFileType = sourcecode.c.h; path = BREthereumBlockChainSlice.h; sourceTree = "<group>"; };
		3C386DCC20C6F5E40065E355 /* BREthereumBCSPrivate.h */ = {isa = PBXFileReference; fileEncoding = 4; lastKnownFileType = sourcecode.c.h; path = BREthereumBCSPrivate.h; sourceTree = "<group>"; };
		3C386DCD20C6F5E40065E355 /* BREthereumBCSEvent.c */ = {isa = PBXFileReference; fileEncoding = 4; lastKnownFileType = sourcecode.c.c; path = BREthereumBCSEvent.c; sourceTree = "<group>"; };
		3C386DCE20C6F5E40065E355 /* BREthereumBCS.h */ = {isa = PBXFileReference; fileEncoding = 4; lastKnownFileType = sourcecode.c.h; path = BREthereumBCS.h; sourceTree = "<group>"; };
		3C386DD120C6F6060065E355 /* BREthereumEWMClient.c */ = {isa = PBXFileReference; fileEncoding = 4; lastKnownFileType = sourcecode.c.c; path = BREthereumEWMClient.c; sourceTree = "<group>"; };
		3C386DD220C6F6070065E355 /* BREthereumEWMEvent.c */ = {isa = PBXFileReference; fileEncoding = 4; lastKnownFileType = sourcecode.c.c; path = BREthereumEWMEvent.c; sourceTree = "<group>"; };
		3C3B37FB20D82335004F9928 /* BREventAlarm.c */ = {isa = PBXFileReference; fileEncoding = 4; lastKnownFileType = sourcecode.c.c; path = BREventAlarm.c; sourceTree = "<group>"; };
		3C3B37FC20D82335004F9928 /* BREventAlarm.h */ = {isa = PBXFileReference; fileEncoding = 4; lastKnownFileType = sourcecode.c.h; path = BREventAlarm.h; sourceTree = "<group>"; };
		3C3B37FE20DAAD55004F9928 /* pthread_android.h */ = {isa = PBXFileReference; lastKnownFileType = sourcecode.c.h; path = pthread_android.h; sourceTree = "<group>"; };
		3C42EF512095143D000E58E0 /* module.modulemap */ = {isa = PBXFileReference; fileEncoding = 4; lastKnownFileType = "sourcecode.module-map"; path = module.modulemap; sourceTree = "<group>"; };
		3C42EF8D209763AB000E58E0 /* BRDcoreTests-Bridging-Header.h */ = {isa = PBXFileReference; lastKnownFileType = sourcecode.c.h; path = "BRDcoreTests-Bridging-Header.h"; sourceTree = "<group>"; };
		3C42EF8E209763AB000E58E0 /* test.c */ = {isa = PBXFileReference; fileEncoding = 4; lastKnownFileType = sourcecode.c.c; name = test.c; path = ../../test.c; sourceTree = "<group>"; };
		3C590F3220950C720005597B /* BRBIP32Sequence.c */ = {isa = PBXFileReference; fileEncoding = 4; lastKnownFileType = sourcecode.c.c; name = BRBIP32Sequence.c; path = ../../BRBIP32Sequence.c; sourceTree = "<group>"; };
		3C590F3320950C720005597B /* BRBIP39Mnemonic.h */ = {isa = PBXFileReference; fileEncoding = 4; lastKnownFileType = sourcecode.c.h; name = BRBIP39Mnemonic.h; path = ../../BRBIP39Mnemonic.h; sourceTree = "<group>"; };
		3C590F3420950C720005597B /* BRAddress.c */ = {isa = PBXFileReference; fileEncoding = 4; lastKnownFileType = sourcecode.c.c; name = BRAddress.c; path = ../../BRAddress.c; sourceTree = "<group>"; };
		3C590F3520950C720005597B /* BRMerkleBlock.c */ = {isa = PBXFileReference; fileEncoding = 4; lastKnownFileType = sourcecode.c.c; name = BRMerkleBlock.c; path = ../../BRMerkleBlock.c; sourceTree = "<group>"; };
		3C590F3620950C720005597B /* BRCrypto.h */ = {isa = PBXFileReference; fileEncoding = 4; lastKnownFileType = sourcecode.c.h; name = BRCrypto.h; path = ../../BRCrypto.h; sourceTree = "<group>"; };
		3C590F3720950C720005597B /* BRAddress.h */ = {isa = PBXFileReference; fileEncoding = 4; lastKnownFileType = sourcecode.c.h; name = BRAddress.h; path = ../../BRAddress.h; sourceTree = "<group>"; };
		3C590F3820950C720005597B /* BRArray.h */ = {isa = PBXFileReference; fileEncoding = 4; lastKnownFileType = sourcecode.c.h; name = BRArray.h; path = ../../BRArray.h; sourceTree = "<group>"; };
		3C590F3920950C720005597B /* BRBech32.h */ = {isa = PBXFileReference; fileEncoding = 4; lastKnownFileType = sourcecode.c.h; name = BRBech32.h; path = ../../BRBech32.h; sourceTree = "<group>"; };
		3C590F3A20950C720005597B /* BRPaymentProtocol.c */ = {isa = PBXFileReference; fileEncoding = 4; lastKnownFileType = sourcecode.c.c; name = BRPaymentProtocol.c; path = ../../BRPaymentProtocol.c; sourceTree = "<group>"; };
		3C590F3C20950C720005597B /* BRBCashParams.h */ = {isa = PBXFileReference; fileEncoding = 4; lastKnownFileType = sourcecode.c.h; path = BRBCashParams.h; sourceTree = "<group>"; };
		3C590F3D20950C720005597B /* BRBCashAddr.c */ = {isa = PBXFileReference; fileEncoding = 4; lastKnownFileType = sourcecode.c.c; path = BRBCashAddr.c; sourceTree = "<group>"; };
		3C590F3E20950C720005597B /* BRBCashAddr.h */ = {isa = PBXFileReference; fileEncoding = 4; lastKnownFileType = sourcecode.c.h; path = BRBCashAddr.h; sourceTree = "<group>"; };
		3C590F3F20950C720005597B /* BRBIP39WordsEn.h */ = {isa = PBXFileReference; fileEncoding = 4; lastKnownFileType = sourcecode.c.h; name = BRBIP39WordsEn.h; path = ../../BRBIP39WordsEn.h; sourceTree = "<group>"; };
		3C590F4020950C720005597B /* BRBloomFilter.h */ = {isa = PBXFileReference; fileEncoding = 4; lastKnownFileType = sourcecode.c.h; name = BRBloomFilter.h; path = ../../BRBloomFilter.h; sourceTree = "<group>"; };
		3C590F4120950C720005597B /* BRPaymentProtocol.h */ = {isa = PBXFileReference; fileEncoding = 4; lastKnownFileType = sourcecode.c.h; name = BRPaymentProtocol.h; path = ../../BRPaymentProtocol.h; sourceTree = "<group>"; };
		3C590F4220950C720005597B /* BRKey.h */ = {isa = PBXFileReference; fileEncoding = 4; lastKnownFileType = sourcecode.c.h; name = BRKey.h; path = ../../BRKey.h; sourceTree = "<group>"; };
		3C590F4320950C730005597B /* BRBIP38Key.h */ = {isa = PBXFileReference; fileEncoding = 4; lastKnownFileType = sourcecode.c.h; name = BRBIP38Key.h; path = ../../BRBIP38Key.h; sourceTree = "<group>"; };
		3C590F4420950C730005597B /* BRBech32.c */ = {isa = PBXFileReference; fileEncoding = 4; lastKnownFileType = sourcecode.c.c; name = BRBech32.c; path = ../../BRBech32.c; sourceTree = "<group>"; };
		3C590F4520950C730005597B /* BRBIP32Sequence.h */ = {isa = PBXFileReference; fileEncoding = 4; lastKnownFileType = sourcecode.c.h; name = BRBIP32Sequence.h; path = ../../BRBIP32Sequence.h; sourceTree = "<group>"; };
		3C590F4620950C730005597B /* BRWallet.h */ = {isa = PBXFileReference; fileEncoding = 4; lastKnownFileType = sourcecode.c.h; name = BRWallet.h; path = ../../BRWallet.h; sourceTree = "<group>"; };
		3C590F4720950C730005597B /* BRTransaction.h */ = {isa = PBXFileReference; fileEncoding = 4; lastKnownFileType = sourcecode.c.h; name = BRTransaction.h; path = ../../BRTransaction.h; sourceTree = "<group>"; };
		3C590F4820950C730005597B /* BRInt.h */ = {isa = PBXFileReference; fileEncoding = 4; lastKnownFileType = sourcecode.c.h; name = BRInt.h; path = ../../BRInt.h; sourceTree = "<group>"; };
		3C590F4920950C730005597B /* BRMerkleBlock.h */ = {isa = PBXFileReference; fileEncoding = 4; lastKnownFileType = sourcecode.c.h; name = BRMerkleBlock.h; path = ../../BRMerkleBlock.h; sourceTree = "<group>"; };
		3C590F4A20950C730005597B /* BRBase58.c */ = {isa = PBXFileReference; fileEncoding = 4; lastKnownFileType = sourcecode.c.c; name = BRBase58.c; path = ../../BRBase58.c; sourceTree = "<group>"; };
		3C590F4B20950C730005597B /* BRPeerManager.c */ = {isa = PBXFileReference; fileEncoding = 4; lastKnownFileType = sourcecode.c.c; name = BRPeerManager.c; path = ../../BRPeerManager.c; sourceTree = "<group>"; };
		3C590F4C20950C730005597B /* BRPeerManager.h */ = {isa = PBXFileReference; fileEncoding = 4; lastKnownFileType = sourcecode.c.h; name = BRPeerManager.h; path = ../../BRPeerManager.h; sourceTree = "<group>"; };
		3C590F4D20950C730005597B /* BRSet.c */ = {isa = PBXFileReference; fileEncoding = 4; lastKnownFileType = sourcecode.c.c; name = BRSet.c; path = ../../BRSet.c; sourceTree = "<group>"; };
		3C590F4E20950C730005597B /* BRBloomFilter.c */ = {isa = PBXFileReference; fileEncoding = 4; lastKnownFileType = sourcecode.c.c; name = BRBloomFilter.c; path = ../../BRBloomFilter.c; sourceTree = "<group>"; };
		3C590F4F20950C740005597B /* BRSet.h */ = {isa = PBXFileReference; fileEncoding = 4; lastKnownFileType = sourcecode.c.h; name = BRSet.h; path = ../../BRSet.h; sourceTree = "<group>"; };
		3C590F5020950C740005597B /* BRPeer.h */ = {isa = PBXFileReference; fileEncoding = 4; lastKnownFileType = sourcecode.c.h; name = BRPeer.h; path = ../../BRPeer.h; sourceTree = "<group>"; };
		3C590F5120950C740005597B /* BRPeer.c */ = {isa = PBXFileReference; fileEncoding = 4; lastKnownFileType = sourcecode.c.c; name = BRPeer.c; path = ../../BRPeer.c; sourceTree = "<group>"; };
		3C590F5220950C740005597B /* BRChainParams.h */ = {isa = PBXFileReference; fileEncoding = 4; lastKnownFileType = sourcecode.c.h; name = BRChainParams.h; path = ../../BRChainParams.h; sourceTree = "<group>"; };
		3C590F5320950C740005597B /* BRTransaction.c */ = {isa = PBXFileReference; fileEncoding = 4; lastKnownFileType = sourcecode.c.c; name = BRTransaction.c; path = ../../BRTransaction.c; sourceTree = "<group>"; };
		3C590F5420950C740005597B /* BRKey.c */ = {isa = PBXFileReference; fileEncoding = 4; lastKnownFileType = sourcecode.c.c; name = BRKey.c; path = ../../BRKey.c; sourceTree = "<group>"; };
		3C590F5520950C740005597B /* BRCrypto.c */ = {isa = PBXFileReference; fileEncoding = 4; lastKnownFileType = sourcecode.c.c; name = BRCrypto.c; path = ../../BRCrypto.c; sourceTree = "<group>"; };
		3C590F5620950C740005597B /* BRBase58.h */ = {isa = PBXFileReference; fileEncoding = 4; lastKnownFileType = sourcecode.c.h; name = BRBase58.h; path = ../../BRBase58.h; sourceTree = "<group>"; };
		3C590F5720950C740005597B /* BRWallet.c */ = {isa = PBXFileReference; fileEncoding = 4; lastKnownFileType = sourcecode.c.c; name = BRWallet.c; path = ../../BRWallet.c; sourceTree = "<group>"; };
		3C590F5820950C750005597B /* BRBIP38Key.c */ = {isa = PBXFileReference; fileEncoding = 4; lastKnownFileType = sourcecode.c.c; name = BRBIP38Key.c; path = ../../BRBIP38Key.c; sourceTree = "<group>"; };
		3C590F5920950C750005597B /* BRBIP39Mnemonic.c */ = {isa = PBXFileReference; fileEncoding = 4; lastKnownFileType = sourcecode.c.c; name = BRBIP39Mnemonic.c; path = ../../BRBIP39Mnemonic.c; sourceTree = "<group>"; };
		3C9025EE21063AD200143B69 /* testUtil.c */ = {isa = PBXFileReference; lastKnownFileType = sourcecode.c.c; path = testUtil.c; sourceTree = "<group>"; };
		3C9025F021063BDC00143B69 /* testRlp.c */ = {isa = PBXFileReference; lastKnownFileType = sourcecode.c.c; path = testRlp.c; sourceTree = "<group>"; };
		3C9025F221064B6700143B69 /* testEvent.c */ = {isa = PBXFileReference; lastKnownFileType = sourcecode.c.c; path = testEvent.c; sourceTree = "<group>"; };
		3C9025F421064E9F00143B69 /* testBc.c */ = {isa = PBXFileReference; lastKnownFileType = sourcecode.c.c; path = testBc.c; sourceTree = "<group>"; };
		3C9025F621064FF800143B69 /* testBase.c */ = {isa = PBXFileReference; lastKnownFileType = sourcecode.c.c; path = testBase.c; sourceTree = "<group>"; };
		3C9025F82106511700143B69 /* testEwm.c */ = {isa = PBXFileReference; lastKnownFileType = sourcecode.c.c; path = testEwm.c; sourceTree = "<group>"; };
		3C9025FA2106613600143B69 /* testContract.c */ = {isa = PBXFileReference; lastKnownFileType = sourcecode.c.c; path = testContract.c; sourceTree = "<group>"; };
		3C9025FC2108DDAE00143B69 /* BREthereumBCSSync.c */ = {isa = PBXFileReference; lastKnownFileType = sourcecode.c.c; path = BREthereumBCSSync.c; sourceTree = "<group>"; };
		3C902602210A30F100143B69 /* CoreDemo.app */ = {isa = PBXFileReference; explicitFileType = wrapper.application; includeInIndex = 0; path = CoreDemo.app; sourceTree = BUILT_PRODUCTS_DIR; };
		3C902604210A30F100143B69 /* AppDelegate.swift */ = {isa = PBXFileReference; lastKnownFileType = sourcecode.swift; path = AppDelegate.swift; sourceTree = "<group>"; };
		3C902606210A30F100143B69 /* MasterViewController.swift */ = {isa = PBXFileReference; lastKnownFileType = sourcecode.swift; path = MasterViewController.swift; sourceTree = "<group>"; };
		3C902608210A30F100143B69 /* DetailViewController.swift */ = {isa = PBXFileReference; lastKnownFileType = sourcecode.swift; path = DetailViewController.swift; sourceTree = "<group>"; };
		3C90260B210A30F100143B69 /* Base */ = {isa = PBXFileReference; lastKnownFileType = file.storyboard; name = Base; path = Base.lproj/Main.storyboard; sourceTree = "<group>"; };
		3C90260D210A30F400143B69 /* Assets.xcassets */ = {isa = PBXFileReference; lastKnownFileType = folder.assetcatalog; path = Assets.xcassets; sourceTree = "<group>"; };
		3C902610210A30F400143B69 /* Base */ = {isa = PBXFileReference; lastKnownFileType = file.storyboard; name = Base; path = Base.lproj/LaunchScreen.storyboard; sourceTree = "<group>"; };
		3C902612210A30F400143B69 /* Info.plist */ = {isa = PBXFileReference; lastKnownFileType = text.plist.xml; path = Info.plist; sourceTree = "<group>"; };
		3C90261C210A32A000143B69 /* CoreDemoEthereumClient.swift */ = {isa = PBXFileReference; lastKnownFileType = sourcecode.swift; path = CoreDemoEthereumClient.swift; sourceTree = "<group>"; };
		3C902621210A7E9800143B69 /* BREthereumTransfer.h */ = {isa = PBXFileReference; lastKnownFileType = sourcecode.c.h; path = BREthereumTransfer.h; sourceTree = "<group>"; };
		3C902622210A7E9800143B69 /* BREthereumTransfer.c */ = {isa = PBXFileReference; lastKnownFileType = sourcecode.c.c; path = BREthereumTransfer.c; sourceTree = "<group>"; };
		3C902624210A870600143B69 /* BREthereumTransferStuff.c */ = {isa = PBXFileReference; lastKnownFileType = sourcecode.c.c; path = BREthereumTransferStuff.c; sourceTree = "<group>"; };
		3CA74EA920AF622D00EDF3E7 /* BRKeyECIES.c */ = {isa = PBXFileReference; fileEncoding = 4; lastKnownFileType = sourcecode.c.c; name = BRKeyECIES.c; path = ../../BRKeyECIES.c; sourceTree = "<group>"; };
		3CA74EAA20AF622D00EDF3E7 /* BRKeyECIES.h */ = {isa = PBXFileReference; fileEncoding = 4; lastKnownFileType = sourcecode.c.h; name = BRKeyECIES.h; path = ../../BRKeyECIES.h; sourceTree = "<group>"; };
		3CAB609B20AF8C5D00810CE4 /* libCore.a */ = {isa = PBXFileReference; explicitFileType = archive.ar; includeInIndex = 0; path = libCore.a; sourceTree = BUILT_PRODUCTS_DIR; };
		3CAB60A620AF8C8500810CE4 /* CoreTests.xctest */ = {isa = PBXFileReference; explicitFileType = wrapper.cfbundle; includeInIndex = 0; path = CoreTests.xctest; sourceTree = BUILT_PRODUCTS_DIR; };
		3CAB60A820AF8C8500810CE4 /* CoreTests.swift */ = {isa = PBXFileReference; lastKnownFileType = sourcecode.swift; path = CoreTests.swift; sourceTree = "<group>"; };
		3CAB60AA20AF8C8500810CE4 /* Info.plist */ = {isa = PBXFileReference; lastKnownFileType = text.plist.xml; path = Info.plist; sourceTree = "<group>"; };
		3CAB60E920AF8F3E00810CE4 /* CoreTests-Bridging-Header.h */ = {isa = PBXFileReference; lastKnownFileType = sourcecode.c.h; path = "CoreTests-Bridging-Header.h"; sourceTree = "<group>"; };
		3CAB60EF20AF936200810CE4 /* BRCore.framework */ = {isa = PBXFileReference; explicitFileType = wrapper.framework; includeInIndex = 0; path = BRCore.framework; sourceTree = BUILT_PRODUCTS_DIR; };
		3CAB60F120AF936200810CE4 /* BRCore.h */ = {isa = PBXFileReference; lastKnownFileType = sourcecode.c.h; path = BRCore.h; sourceTree = "<group>"; };
		3CAB60F220AF936200810CE4 /* Info.plist */ = {isa = PBXFileReference; lastKnownFileType = text.plist.xml; path = Info.plist; sourceTree = "<group>"; };
		3CAB60F720AF936200810CE4 /* BRCoreTests.xctest */ = {isa = PBXFileReference; explicitFileType = wrapper.cfbundle; includeInIndex = 0; path = BRCoreTests.xctest; sourceTree = BUILT_PRODUCTS_DIR; };
		3CAB60FC20AF936200810CE4 /* BRCoreTests.swift */ = {isa = PBXFileReference; lastKnownFileType = sourcecode.swift; path = BRCoreTests.swift; sourceTree = "<group>"; };
		3CAB60FE20AF936200810CE4 /* Info.plist */ = {isa = PBXFileReference; lastKnownFileType = text.plist.xml; path = Info.plist; sourceTree = "<group>"; };
		3CAB611B20B347A200810CE4 /* BRCore.swift */ = {isa = PBXFileReference; fileEncoding = 4; lastKnownFileType = sourcecode.swift; name = BRCore.swift; path = BRCore/BRCore.swift; sourceTree = SOURCE_ROOT; };
		3CAB611C20B347A200810CE4 /* BREthereum.swift */ = {isa = PBXFileReference; fileEncoding = 4; lastKnownFileType = sourcecode.swift; name = BREthereum.swift; path = BRCore/BREthereum.swift; sourceTree = SOURCE_ROOT; };
		3CAB611F20B347B200810CE4 /* UserDefaults+Additions.swift */ = {isa = PBXFileReference; fileEncoding = 4; lastKnownFileType = sourcecode.swift; name = "UserDefaults+Additions.swift"; path = "BRCore/UserDefaults+Additions.swift"; sourceTree = SOURCE_ROOT; };
		3CAB612020B347B200810CE4 /* FeeUpdater.swift */ = {isa = PBXFileReference; fileEncoding = 4; lastKnownFileType = sourcecode.swift; name = FeeUpdater.swift; path = BRCore/FeeUpdater.swift; sourceTree = SOURCE_ROOT; };
		3CAB612120B347B200810CE4 /* Environment.swift */ = {isa = PBXFileReference; fileEncoding = 4; lastKnownFileType = sourcecode.swift; name = Environment.swift; path = BRCore/Environment.swift; sourceTree = SOURCE_ROOT; };
		3CAB612220B347B200810CE4 /* Currency.swift */ = {isa = PBXFileReference; fileEncoding = 4; lastKnownFileType = sourcecode.swift; name = Currency.swift; path = BRCore/Currency.swift; sourceTree = SOURCE_ROOT; };
		3CAB612320B347B200810CE4 /* Rate.swift */ = {isa = PBXFileReference; fileEncoding = 4; lastKnownFileType = sourcecode.swift; name = Rate.swift; path = BRCore/Rate.swift; sourceTree = SOURCE_ROOT; };
		3CAB612420B347B200810CE4 /* Strings.swift */ = {isa = PBXFileReference; fileEncoding = 4; lastKnownFileType = sourcecode.swift; name = Strings.swift; path = BRCore/Strings.swift; sourceTree = SOURCE_ROOT; };
		3CAB612520B347B200810CE4 /* Support.swift */ = {isa = PBXFileReference; fileEncoding = 4; lastKnownFileType = sourcecode.swift; name = Support.swift; path = BRCore/Support.swift; sourceTree = SOURCE_ROOT; };
		3CAB612620B347B200810CE4 /* Info.plist */ = {isa = PBXFileReference; fileEncoding = 4; lastKnownFileType = text.plist.xml; name = Info.plist; path = BRCore/Info.plist; sourceTree = SOURCE_ROOT; };
		3CAB612720B347B200810CE4 /* Constants.swift */ = {isa = PBXFileReference; fileEncoding = 4; lastKnownFileType = sourcecode.swift; name = Constants.swift; path = BRCore/Constants.swift; sourceTree = SOURCE_ROOT; };
		3CDA764A210138B2005F4CF8 /* BREthereumEWMClientEvent.c */ = {isa = PBXFileReference; lastKnownFileType = sourcecode.c.c; path = BREthereumEWMClientEvent.c; sourceTree = "<group>"; };
		CA92F78E2100F9CA0015C966 /* BRKeccak.h */ = {isa = PBXFileReference; lastKnownFileType = sourcecode.c.h; path = BRKeccak.h; sourceTree = "<group>"; };
		CA92F78F2100F9CA0015C966 /* BRKeccak.c */ = {isa = PBXFileReference; lastKnownFileType = sourcecode.c.c; path = BRKeccak.c; sourceTree = "<group>"; };
/* End PBXFileReference section */

/* Begin PBXFrameworksBuildPhase section */
		3C9025FF210A30F100143B69 /* Frameworks */ = {
			isa = PBXFrameworksBuildPhase;
			buildActionMask = 2147483647;
			files = (
				3C90261B210A313C00143B69 /* libCore.a in Frameworks */,
			);
			runOnlyForDeploymentPostprocessing = 0;
		};
		3CAB609820AF8C5D00810CE4 /* Frameworks */ = {
			isa = PBXFrameworksBuildPhase;
			buildActionMask = 2147483647;
			files = (
			);
			runOnlyForDeploymentPostprocessing = 0;
		};
		3CAB60A320AF8C8500810CE4 /* Frameworks */ = {
			isa = PBXFrameworksBuildPhase;
			buildActionMask = 2147483647;
			files = (
				3CAB60AB20AF8C8500810CE4 /* libCore.a in Frameworks */,
			);
			runOnlyForDeploymentPostprocessing = 0;
		};
		3CAB60EB20AF936200810CE4 /* Frameworks */ = {
			isa = PBXFrameworksBuildPhase;
			buildActionMask = 2147483647;
			files = (
				3CAB610B20AF938E00810CE4 /* libCore.a in Frameworks */,
			);
			runOnlyForDeploymentPostprocessing = 0;
		};
		3CAB60F420AF936200810CE4 /* Frameworks */ = {
			isa = PBXFrameworksBuildPhase;
			buildActionMask = 2147483647;
			files = (
				3CAB60F820AF936200810CE4 /* BRCore.framework in Frameworks */,
			);
			runOnlyForDeploymentPostprocessing = 0;
		};
/* End PBXFrameworksBuildPhase section */

/* Begin PBXGroup section */
		3C2A537620AF592300C430F6 /* ethereum */ = {
			isa = PBXGroup;
			children = (
				3C386DC920C6F5E40065E355 /* bcs */,
				3C2A53AC20AF595400C430F6 /* base */,
				3C2A53BA20AF595500C430F6 /* blockchain */,
				3C2A539620AF595400C430F6 /* BREthereum.h */,
				3C2A539B20AF595400C430F6 /* BREthereum.c */,
				3C2A539D20AF595400C430F6 /* BREthereumPrivate.h */,
				3C2A53A720AF595400C430F6 /* contract */,
				3C2A539120AF595400C430F6 /* event */,
				3C2A537F20AF595400C430F6 /* les */,
				3C2A539E20AF595400C430F6 /* ewm */,
				3C2A539720AF595400C430F6 /* rlp */,
				3C2A537820AF595400C430F6 /* util */,
			);
			name = ethereum;
			sourceTree = "<group>";
		};
		3C2A537820AF595400C430F6 /* util */ = {
			isa = PBXGroup;
			children = (
				3C2A537D20AF595400C430F6 /* BRUtil.h */,
				3C2A537920AF595400C430F6 /* BRUtilMath.h */,
				3C2A537B20AF595400C430F6 /* BRUtilMath.c */,
				3C2A537C20AF595400C430F6 /* BRUtilMathParse.c */,
				3C2A537A20AF595400C430F6 /* BRUtilHex.h */,
				3C2A537E20AF595400C430F6 /* BRUtilHex.c */,
				CA92F78E2100F9CA0015C966 /* BRKeccak.h */,
				CA92F78F2100F9CA0015C966 /* BRKeccak.c */,
				3C9025EE21063AD200143B69 /* testUtil.c */,
			);
			name = util;
			path = ../../ethereum/util;
			sourceTree = "<group>";
		};
		3C2A537F20AF595400C430F6 /* les */ = {
			isa = PBXGroup;
			children = (
				3C386DBD20C6F4AE0065E355 /* BREthereumRandom.h */,
				3C386DC120C6F4AE0065E355 /* BREthereumRandom.c */,
				3C386DBE20C6F4AE0065E355 /* BREthereumEndpoint.h */,
				3C386DC320C6F4AF0065E355 /* BREthereumEndpoint.c */,
				3C386DBA20C6F4AD0065E355 /* BREthereumP2PCoder.h */,
				3C386DBB20C6F4AD0065E355 /* BREthereumP2PCoder.c */,
				3C2A538420AF595400C430F6 /* BREthereumFrameCoder.h */,
				3C2A538B20AF595400C430F6 /* BREthereumFrameCoder.c */,
				3C386DBF20C6F4AE0065E355 /* BREthereumLESCoder.h */,
				3C386DBC20C6F4AD0065E355 /* BREthereumLESCoder.c */,
				3C2A538820AF595400C430F6 /* BREthereumHandshake.h */,
				3C2A538020AF595400C430F6 /* BREthereumHandshake.c */,
				3C386DC220C6F4AE0065E355 /* BREthereumNodeDiscovery.h */,
				3C386DC020C6F4AE0065E355 /* BREthereumNodeDiscovery.c */,
				3C2A538120AF595400C430F6 /* BREthereumNodeEventHandler.h */,
				3C2A538A20AF595400C430F6 /* BREthereumNodeEventHandler.c */,
				3C2A538320AF595400C430F6 /* BREthereumNode.h */,
				3C2A538C20AF595400C430F6 /* BREthereumNode.c */,
				3C2A538F20AF595400C430F6 /* BREthereumNodeManager.h */,
				3C2A538520AF595400C430F6 /* BREthereumNodeManager.c */,
				3C2A538720AF595400C430F6 /* BREthereumLESBase.h */,
				3C2A538D20AF595400C430F6 /* BREthereumLESBase.c */,
				3C2A538E20AF595400C430F6 /* BREthereumLES.h */,
				3C2A538620AF595400C430F6 /* BREthereumLES.c */,
				3C2A538220AF595400C430F6 /* test-les.h */,
				3C2A538920AF595400C430F6 /* test-les.c */,
			);
			name = les;
			path = ../../ethereum/les;
			sourceTree = "<group>";
		};
		3C2A539120AF595400C430F6 /* event */ = {
			isa = PBXGroup;
			children = (
				3C2A539420AF595400C430F6 /* BREvent.h */,
				3C2A539220AF595400C430F6 /* BREvent.c */,
				3C2A539320AF595400C430F6 /* BREventQueue.h */,
				3C2A539520AF595400C430F6 /* BREventQueue.c */,
				3C3B37FC20D82335004F9928 /* BREventAlarm.h */,
				3C3B37FB20D82335004F9928 /* BREventAlarm.c */,
				3C3B37FE20DAAD55004F9928 /* pthread_android.h */,
				3C9025F221064B6700143B69 /* testEvent.c */,
			);
			name = event;
			path = ../../ethereum/event;
			sourceTree = "<group>";
		};
		3C2A539720AF595400C430F6 /* rlp */ = {
			isa = PBXGroup;
			children = (
				3C2A539820AF595400C430F6 /* BRRlp.h */,
				3C2A539920AF595400C430F6 /* BRRlpCoder.h */,
				3C2A539A20AF595400C430F6 /* BRRlpCoder.c */,
				3C9025F021063BDC00143B69 /* testRlp.c */,
			);
			name = rlp;
			path = ../../ethereum/rlp;
			sourceTree = "<group>";
		};
		3C2A539E20AF595400C430F6 /* ewm */ = {
			isa = PBXGroup;
			children = (
				3C902621210A7E9800143B69 /* BREthereumTransfer.h */,
				3C902622210A7E9800143B69 /* BREthereumTransfer.c */,
				3C902624210A870600143B69 /* BREthereumTransferStuff.c */,
				3C2A53C420AF595500C430F6 /* BREthereumAmount.h */,
				3C2A53CD20AF595500C430F6 /* BREthereumAmount.c */,
				3C2A53A520AF595400C430F6 /* BREthereumAccount.h */,
				3C2A537720AF595400C430F6 /* BREthereumAccount.c */,
				3C2A539020AF595400C430F6 /* BREthereumWallet.h */,
				3C2A539C20AF595400C430F6 /* BREthereumWallet.c */,
				3C2A53A020AF595400C430F6 /* BREthereumEWM.h */,
				3C2A53A320AF595400C430F6 /* BREthereumEWMPrivate.h */,
				3C2A53A220AF595400C430F6 /* BREthereumEWM.c */,
				3C386DD220C6F6070065E355 /* BREthereumEWMEvent.c */,
				3C386DD120C6F6060065E355 /* BREthereumEWMClient.c */,
				3CDA764A210138B2005F4CF8 /* BREthereumEWMClientEvent.c */,
				3C9025F82106511700143B69 /* testEwm.c */,
			);
			name = ewm;
			path = ../../ethereum/ewm;
			sourceTree = "<group>";
		};
		3C2A53A720AF595400C430F6 /* contract */ = {
			isa = PBXGroup;
			children = (
				3C2A53A820AF595400C430F6 /* BREthereumToken.h */,
				3C2A53AA20AF595400C430F6 /* BREthereumToken.c */,
				3C2A53AB20AF595400C430F6 /* BREthereumContract.h */,
				3C2A53A920AF595400C430F6 /* BREthereumContract.c */,
				3C9025FA2106613600143B69 /* testContract.c */,
			);
			name = contract;
			path = ../../ethereum/contract;
			sourceTree = "<group>";
		};
		3C2A53AC20AF595400C430F6 /* base */ = {
			isa = PBXGroup;
			children = (
				3C2A53B620AF595400C430F6 /* BREthereumBase.h */,
				3C2A53B120AF595400C430F6 /* BREthereumLogic.h */,
				3C2A53AD20AF595400C430F6 /* BREthereumEther.h */,
				3C2A53B320AF595400C430F6 /* BREthereumEther.c */,
				3C2A53AF20AF595400C430F6 /* BREthereumGas.h */,
				3C2A53B520AF595400C430F6 /* BREthereumGas.c */,
				3C2A53B420AF595400C430F6 /* BREthereumHash.h */,
				3C2A53B020AF595400C430F6 /* BREthereumHash.c */,
				3C2A53B220AF595400C430F6 /* BREthereumAddress.h */,
				3C2A53B920AF595400C430F6 /* BREthereumAddress.c */,
				3C2A53B720AF595400C430F6 /* BREthereumSignature.h */,
				3C2A53AE20AF595400C430F6 /* BREthereumSignature.c */,
				3C9025F621064FF800143B69 /* testBase.c */,
			);
			name = base;
			path = ../../ethereum/base;
			sourceTree = "<group>";
		};
		3C2A53BA20AF595500C430F6 /* blockchain */ = {
			isa = PBXGroup;
			children = (
				3C2A53BC20AF595500C430F6 /* BREthereumBlockChain.h */,
				3C2A53C820AF595500C430F6 /* BREthereumNetwork.h */,
				3C2A53C120AF595500C430F6 /* BREthereumNetwork.c */,
				3C2A53BE20AF595500C430F6 /* BREthereumAccountState.h */,
				3C2A53C520AF595500C430F6 /* BREthereumAccountState.c */,
				3C2A53CA20AF595500C430F6 /* BREthereumBloomFilter.h */,
				3C2A53BF20AF595500C430F6 /* BREthereumBloomFilter.c */,
				3C2A53C020AF595500C430F6 /* BREthereumTransactionStatus.h */,
				3C2A53C920AF595500C430F6 /* BREthereumTransactionStatus.c */,
				3C2A53CC20AF595500C430F6 /* BREthereumTransactionReceipt.h */,
				3C2A53C220AF595500C430F6 /* BREthereumTransactionReceipt.c */,
				3C2A53C720AF595500C430F6 /* BREthereumTransaction.h */,
				3C2A53BB20AF595500C430F6 /* BREthereumTransaction.c */,
				3C2A53BD20AF595500C430F6 /* BREthereumLog.h */,
				3C2A53C620AF595500C430F6 /* BREthereumLog.c */,
				3C2A53C320AF595500C430F6 /* BREthereumBlock.h */,
				3C2A53CB20AF595500C430F6 /* BREthereumBlock.c */,
				3C9025F421064E9F00143B69 /* testBc.c */,
			);
			name = blockchain;
			path = ../../ethereum/blockchain;
			sourceTree = "<group>";
		};
		3C386DC920C6F5E40065E355 /* bcs */ = {
			isa = PBXGroup;
			children = (
				3C386DCB20C6F5E40065E355 /* BREthereumBlockChainSlice.h */,
				3C386DCE20C6F5E40065E355 /* BREthereumBCS.h */,
				3C386DCC20C6F5E40065E355 /* BREthereumBCSPrivate.h */,
				3C386DCA20C6F5E40065E355 /* BREthereumBCS.c */,
				3C9025FC2108DDAE00143B69 /* BREthereumBCSSync.c */,
				3C386DCD20C6F5E40065E355 /* BREthereumBCSEvent.c */,
			);
			name = bcs;
			path = ../../ethereum/bcs;
			sourceTree = "<group>";
		};
		3C590F0D20950C160005597B = {
			isa = PBXGroup;
			children = (
				3CAB60F020AF936200810CE4 /* BRCore */,
				3CAB60FB20AF936200810CE4 /* BRCoreTests */,
				3C590F3120950C470005597B /* Core */,
				3CAB60A720AF8C8500810CE4 /* CoreTests */,
				3C902603210A30F100143B69 /* CoreDemo */,
				3C590F1820950C160005597B /* Products */,
				3CAB610A20AF938E00810CE4 /* Frameworks */,
			);
			sourceTree = "<group>";
		};
		3C590F1820950C160005597B /* Products */ = {
			isa = PBXGroup;
			children = (
				3CAB609B20AF8C5D00810CE4 /* libCore.a */,
				3CAB60A620AF8C8500810CE4 /* CoreTests.xctest */,
				3CAB60EF20AF936200810CE4 /* BRCore.framework */,
				3CAB60F720AF936200810CE4 /* BRCoreTests.xctest */,
				3C902602210A30F100143B69 /* CoreDemo.app */,
			);
			name = Products;
			sourceTree = "<group>";
		};
		3C590F3120950C470005597B /* Core */ = {
			isa = PBXGroup;
			children = (
				3C2A537620AF592300C430F6 /* ethereum */,
				3C2A53A620AF595400C430F6 /* test.c */,
				3C42EF512095143D000E58E0 /* module.modulemap */,
				3C590F3B20950C720005597B /* bcash */,
				3C590F3420950C720005597B /* BRAddress.c */,
				3C590F3720950C720005597B /* BRAddress.h */,
				3C590F3820950C720005597B /* BRArray.h */,
				3C590F4A20950C730005597B /* BRBase58.c */,
				3C590F5620950C740005597B /* BRBase58.h */,
				3C590F4420950C730005597B /* BRBech32.c */,
				3C590F3920950C720005597B /* BRBech32.h */,
				3C590F3220950C720005597B /* BRBIP32Sequence.c */,
				3C590F4520950C730005597B /* BRBIP32Sequence.h */,
				3C590F5820950C750005597B /* BRBIP38Key.c */,
				3C590F4320950C730005597B /* BRBIP38Key.h */,
				3C590F5920950C750005597B /* BRBIP39Mnemonic.c */,
				3C590F3320950C720005597B /* BRBIP39Mnemonic.h */,
				3C590F3F20950C720005597B /* BRBIP39WordsEn.h */,
				3C590F4E20950C730005597B /* BRBloomFilter.c */,
				3C590F4020950C720005597B /* BRBloomFilter.h */,
				3C590F5220950C740005597B /* BRChainParams.h */,
				3C590F5520950C740005597B /* BRCrypto.c */,
				3C590F3620950C720005597B /* BRCrypto.h */,
				3CA74EA920AF622D00EDF3E7 /* BRKeyECIES.c */,
				3CA74EAA20AF622D00EDF3E7 /* BRKeyECIES.h */,
				3C590F4820950C730005597B /* BRInt.h */,
				3C590F5420950C740005597B /* BRKey.c */,
				3C590F4220950C720005597B /* BRKey.h */,
				3C590F3520950C720005597B /* BRMerkleBlock.c */,
				3C590F4920950C730005597B /* BRMerkleBlock.h */,
				3C590F3A20950C720005597B /* BRPaymentProtocol.c */,
				3C590F4120950C720005597B /* BRPaymentProtocol.h */,
				3C590F5120950C740005597B /* BRPeer.c */,
				3C590F5020950C740005597B /* BRPeer.h */,
				3C590F4B20950C730005597B /* BRPeerManager.c */,
				3C590F4C20950C730005597B /* BRPeerManager.h */,
				3C590F4D20950C730005597B /* BRSet.c */,
				3C590F4F20950C740005597B /* BRSet.h */,
				3C590F5320950C740005597B /* BRTransaction.c */,
				3C590F4720950C730005597B /* BRTransaction.h */,
				3C590F5720950C740005597B /* BRWallet.c */,
				3C590F4620950C730005597B /* BRWallet.h */,
				3C42EF8E209763AB000E58E0 /* test.c */,
			);
			path = Core;
			sourceTree = "<group>";
		};
		3C590F3B20950C720005597B /* bcash */ = {
			isa = PBXGroup;
			children = (
				3C590F3C20950C720005597B /* BRBCashParams.h */,
				3C590F3D20950C720005597B /* BRBCashAddr.c */,
				3C590F3E20950C720005597B /* BRBCashAddr.h */,
			);
			name = bcash;
			path = ../../bcash;
			sourceTree = "<group>";
		};
		3C902603210A30F100143B69 /* CoreDemo */ = {
			isa = PBXGroup;
			children = (
				3C902604210A30F100143B69 /* AppDelegate.swift */,
				3C90261C210A32A000143B69 /* CoreDemoEthereumClient.swift */,
				3C902606210A30F100143B69 /* MasterViewController.swift */,
				3C902608210A30F100143B69 /* DetailViewController.swift */,
				3C90260A210A30F100143B69 /* Main.storyboard */,
				3C90260D210A30F400143B69 /* Assets.xcassets */,
				3C90260F210A30F400143B69 /* LaunchScreen.storyboard */,
				3C902612210A30F400143B69 /* Info.plist */,
			);
			path = CoreDemo;
			sourceTree = "<group>";
		};
		3CA6431E209B56D90082B172 /* ToCompile */ = {
			isa = PBXGroup;
			children = (
				3CAB612720B347B200810CE4 /* Constants.swift */,
				3CAB612220B347B200810CE4 /* Currency.swift */,
				3CAB612120B347B200810CE4 /* Environment.swift */,
				3CAB612020B347B200810CE4 /* FeeUpdater.swift */,
				3CAB612620B347B200810CE4 /* Info.plist */,
				3CAB612320B347B200810CE4 /* Rate.swift */,
				3CAB612420B347B200810CE4 /* Strings.swift */,
				3CAB612520B347B200810CE4 /* Support.swift */,
				3CAB611F20B347B200810CE4 /* UserDefaults+Additions.swift */,
			);
			name = ToCompile;
			sourceTree = "<group>";
		};
		3CAB60A720AF8C8500810CE4 /* CoreTests */ = {
			isa = PBXGroup;
			children = (
				3CAB60E920AF8F3E00810CE4 /* CoreTests-Bridging-Header.h */,
				3CAB60A820AF8C8500810CE4 /* CoreTests.swift */,
				3CAB60AA20AF8C8500810CE4 /* Info.plist */,
			);
			path = CoreTests;
			sourceTree = "<group>";
		};
		3CAB60F020AF936200810CE4 /* BRCore */ = {
			isa = PBXGroup;
			children = (
				3CAB611B20B347A200810CE4 /* BRCore.swift */,
				3CAB611C20B347A200810CE4 /* BREthereum.swift */,
				3CA6431E209B56D90082B172 /* ToCompile */,
				3CAB60F120AF936200810CE4 /* BRCore.h */,
				3CAB60F220AF936200810CE4 /* Info.plist */,
			);
			path = BRCore;
			sourceTree = "<group>";
		};
		3CAB60FB20AF936200810CE4 /* BRCoreTests */ = {
			isa = PBXGroup;
			children = (
				3C42EF8D209763AB000E58E0 /* BRDcoreTests-Bridging-Header.h */,
				3CAB60FC20AF936200810CE4 /* BRCoreTests.swift */,
				3CAB60FE20AF936200810CE4 /* Info.plist */,
			);
			path = BRCoreTests;
			sourceTree = "<group>";
		};
		3CAB610A20AF938E00810CE4 /* Frameworks */ = {
			isa = PBXGroup;
			children = (
			);
			name = Frameworks;
			sourceTree = "<group>";
		};
/* End PBXGroup section */

/* Begin PBXHeadersBuildPhase section */
		3CAB60EC20AF936200810CE4 /* Headers */ = {
			isa = PBXHeadersBuildPhase;
			buildActionMask = 2147483647;
			files = (
				3CAB60FF20AF936300810CE4 /* BRCore.h in Headers */,
				3CAB613220B34EFF00810CE4 /* BREthereumEther.h in Headers */,
			);
			runOnlyForDeploymentPostprocessing = 0;
		};
/* End PBXHeadersBuildPhase section */

/* Begin PBXNativeTarget section */
		3C902601210A30F100143B69 /* CoreDemo */ = {
			isa = PBXNativeTarget;
			buildConfigurationList = 3C902615210A30F400143B69 /* Build configuration list for PBXNativeTarget "CoreDemo" */;
			buildPhases = (
				3C9025FE210A30F100143B69 /* Sources */,
				3C9025FF210A30F100143B69 /* Frameworks */,
				3C902600210A30F100143B69 /* Resources */,
				3C902620210A3BBE00143B69 /* Embed Frameworks */,
			);
			buildRules = (
			);
			dependencies = (
				3C902617210A312500143B69 /* PBXTargetDependency */,
				3C902619210A312500143B69 /* PBXTargetDependency */,
			);
			name = CoreDemo;
			productName = CoreDemo;
			productReference = 3C902602210A30F100143B69 /* CoreDemo.app */;
			productType = "com.apple.product-type.application";
		};
		3CAB609A20AF8C5D00810CE4 /* Core */ = {
			isa = PBXNativeTarget;
			buildConfigurationList = 3CAB609F20AF8C5D00810CE4 /* Build configuration list for PBXNativeTarget "Core" */;
			buildPhases = (
				3CAB609720AF8C5D00810CE4 /* Sources */,
				3CAB609820AF8C5D00810CE4 /* Frameworks */,
				3CAB609920AF8C5D00810CE4 /* CopyFiles */,
			);
			buildRules = (
			);
			dependencies = (
			);
			name = Core;
			productName = Core;
			productReference = 3CAB609B20AF8C5D00810CE4 /* libCore.a */;
			productType = "com.apple.product-type.library.static";
		};
		3CAB60A520AF8C8500810CE4 /* CoreTests */ = {
			isa = PBXNativeTarget;
			buildConfigurationList = 3CAB60AE20AF8C8500810CE4 /* Build configuration list for PBXNativeTarget "CoreTests" */;
			buildPhases = (
				3CAB60A220AF8C8500810CE4 /* Sources */,
				3CAB60A320AF8C8500810CE4 /* Frameworks */,
				3CAB60A420AF8C8500810CE4 /* Resources */,
			);
			buildRules = (
			);
			dependencies = (
				3CAB60AD20AF8C8500810CE4 /* PBXTargetDependency */,
			);
			name = CoreTests;
			productName = CoreTests;
			productReference = 3CAB60A620AF8C8500810CE4 /* CoreTests.xctest */;
			productType = "com.apple.product-type.bundle.unit-test";
		};
		3CAB60EE20AF936200810CE4 /* BRCore */ = {
			isa = PBXNativeTarget;
			buildConfigurationList = 3CAB610020AF936300810CE4 /* Build configuration list for PBXNativeTarget "BRCore" */;
			buildPhases = (
				3CAB60EA20AF936200810CE4 /* Sources */,
				3CAB60EB20AF936200810CE4 /* Frameworks */,
				3CAB60EC20AF936200810CE4 /* Headers */,
				3CAB60ED20AF936200810CE4 /* Resources */,
			);
			buildRules = (
			);
			dependencies = (
				3CAB610920AF938500810CE4 /* PBXTargetDependency */,
			);
			name = BRCore;
			productName = BRCore2;
			productReference = 3CAB60EF20AF936200810CE4 /* BRCore.framework */;
			productType = "com.apple.product-type.framework";
		};
		3CAB60F620AF936200810CE4 /* BRCoreTests */ = {
			isa = PBXNativeTarget;
			buildConfigurationList = 3CAB610320AF936300810CE4 /* Build configuration list for PBXNativeTarget "BRCoreTests" */;
			buildPhases = (
				3CAB60F320AF936200810CE4 /* Sources */,
				3CAB60F420AF936200810CE4 /* Frameworks */,
				3CAB60F520AF936200810CE4 /* Resources */,
			);
			buildRules = (
			);
			dependencies = (
				3CAB60FA20AF936200810CE4 /* PBXTargetDependency */,
			);
			name = BRCoreTests;
			productName = BRCore2Tests;
			productReference = 3CAB60F720AF936200810CE4 /* BRCoreTests.xctest */;
			productType = "com.apple.product-type.bundle.unit-test";
		};
/* End PBXNativeTarget section */

/* Begin PBXProject section */
		3C590F0E20950C160005597B /* Project object */ = {
			isa = PBXProject;
			attributes = {
				LastSwiftUpdateCheck = 0940;
				LastUpgradeCheck = 0930;
				ORGANIZATIONNAME = breadwallet;
				TargetAttributes = {
					3C902601210A30F100143B69 = {
						CreatedOnToolsVersion = 9.4.1;
					};
					3CAB609A20AF8C5D00810CE4 = {
						CreatedOnToolsVersion = 9.3.1;
					};
					3CAB60A520AF8C8500810CE4 = {
						CreatedOnToolsVersion = 9.3.1;
					};
					3CAB60EE20AF936200810CE4 = {
						CreatedOnToolsVersion = 9.3.1;
					};
					3CAB60F620AF936200810CE4 = {
						CreatedOnToolsVersion = 9.3.1;
					};
				};
			};
			buildConfigurationList = 3C590F1120950C160005597B /* Build configuration list for PBXProject "BRCore" */;
			compatibilityVersion = "Xcode 9.3";
			developmentRegion = en;
			hasScannedForEncodings = 0;
			knownRegions = (
				en,
				Base,
			);
			mainGroup = 3C590F0D20950C160005597B;
			productRefGroup = 3C590F1820950C160005597B /* Products */;
			projectDirPath = "";
			projectRoot = "";
			targets = (
				3CAB60EE20AF936200810CE4 /* BRCore */,
				3CAB60F620AF936200810CE4 /* BRCoreTests */,
				3CAB609A20AF8C5D00810CE4 /* Core */,
				3CAB60A520AF8C8500810CE4 /* CoreTests */,
				3C902601210A30F100143B69 /* CoreDemo */,
			);
		};
/* End PBXProject section */

/* Begin PBXResourcesBuildPhase section */
		3C902600210A30F100143B69 /* Resources */ = {
			isa = PBXResourcesBuildPhase;
			buildActionMask = 2147483647;
			files = (
				3C902611210A30F400143B69 /* LaunchScreen.storyboard in Resources */,
				3C90260E210A30F400143B69 /* Assets.xcassets in Resources */,
				3C90260C210A30F100143B69 /* Main.storyboard in Resources */,
			);
			runOnlyForDeploymentPostprocessing = 0;
		};
		3CAB60A420AF8C8500810CE4 /* Resources */ = {
			isa = PBXResourcesBuildPhase;
			buildActionMask = 2147483647;
			files = (
			);
			runOnlyForDeploymentPostprocessing = 0;
		};
		3CAB60ED20AF936200810CE4 /* Resources */ = {
			isa = PBXResourcesBuildPhase;
			buildActionMask = 2147483647;
			files = (
			);
			runOnlyForDeploymentPostprocessing = 0;
		};
		3CAB60F520AF936200810CE4 /* Resources */ = {
			isa = PBXResourcesBuildPhase;
			buildActionMask = 2147483647;
			files = (
			);
			runOnlyForDeploymentPostprocessing = 0;
		};
/* End PBXResourcesBuildPhase section */

/* Begin PBXSourcesBuildPhase section */
		3C9025FE210A30F100143B69 /* Sources */ = {
			isa = PBXSourcesBuildPhase;
			buildActionMask = 2147483647;
			files = (
				3C902609210A30F100143B69 /* DetailViewController.swift in Sources */,
				3C902607210A30F100143B69 /* MasterViewController.swift in Sources */,
				3C902605210A30F100143B69 /* AppDelegate.swift in Sources */,
				3C90261D210A32A000143B69 /* CoreDemoEthereumClient.swift in Sources */,
			);
			runOnlyForDeploymentPostprocessing = 0;
		};
		3CAB609720AF8C5D00810CE4 /* Sources */ = {
			isa = PBXSourcesBuildPhase;
			buildActionMask = 2147483647;
			files = (
				3C902627210BD21200143B69 /* BREthereum.c in Sources */,
				3CAB60B120AF8D1A00810CE4 /* BREthereumEther.c in Sources */,
				3CAB60B220AF8D1A00810CE4 /* BREthereumGas.c in Sources */,
				3CAB60B320AF8D1A00810CE4 /* BREthereumHash.c in Sources */,
				3CAB60B420AF8D1A00810CE4 /* BREthereumAddress.c in Sources */,
				3CAB60B520AF8D1A00810CE4 /* BREthereumSignature.c in Sources */,
				3CAB60B620AF8D1A00810CE4 /* BREthereumTransaction.c in Sources */,
				3CAB60B720AF8D1A00810CE4 /* BREthereumBloomFilter.c in Sources */,
				3C386DC620C6F4AF0065E355 /* BREthereumNodeDiscovery.c in Sources */,
				3CAB60B820AF8D1A00810CE4 /* BREthereumNetwork.c in Sources */,
				3CAB60B920AF8D1A00810CE4 /* BREthereumTransactionReceipt.c in Sources */,
				3CAB60BA20AF8D1A00810CE4 /* BREthereumAccountState.c in Sources */,
				3CAB60BB20AF8D1A00810CE4 /* BREthereumLog.c in Sources */,
				3CAB60BC20AF8D1A00810CE4 /* BREthereumTransactionStatus.c in Sources */,
				3CAB60BD20AF8D1A00810CE4 /* BREthereumBlock.c in Sources */,
				3CAB60BE20AF8D1A00810CE4 /* BREthereumAmount.c in Sources */,
				3CAB60C020AF8D1A00810CE4 /* BREthereumAccount.c in Sources */,
				3CAB60C120AF8D1A00810CE4 /* BREthereumWallet.c in Sources */,
				3C386DC820C6F4AF0065E355 /* BREthereumEndpoint.c in Sources */,
				3C386DCF20C6F5E40065E355 /* BREthereumBCS.c in Sources */,
				3C386DC520C6F4AF0065E355 /* BREthereumLESCoder.c in Sources */,
				3CAB60C220AF8D1A00810CE4 /* BREthereumToken.c in Sources */,
				3CAB60C320AF8D1A00810CE4 /* BREthereumContract.c in Sources */,
				3CAB60C420AF8D1A00810CE4 /* BREvent.c in Sources */,
				3CAB60C520AF8D1A00810CE4 /* BREventQueue.c in Sources */,
				3CAB60C620AF8D1A00810CE4 /* BREthereumHandshake.c in Sources */,
				3CAB60C720AF8D1A00810CE4 /* BREthereumNodeManager.c in Sources */,
				3C386DC420C6F4AF0065E355 /* BREthereumP2PCoder.c in Sources */,
				3CAB60C820AF8D1A00810CE4 /* BREthereumLES.c in Sources */,
				3CAB60C920AF8D1A00810CE4 /* BREthereumNodeEventHandler.c in Sources */,
				3C386DD020C6F5E40065E355 /* BREthereumBCSEvent.c in Sources */,
				3C3B37FD20D82335004F9928 /* BREventAlarm.c in Sources */,
				3CAB60CA20AF8D1A00810CE4 /* BREthereumFrameCoder.c in Sources */,
				3CAB60CB20AF8D1A00810CE4 /* BREthereumNode.c in Sources */,
				CA92F7902100F9CA0015C966 /* BRKeccak.c in Sources */,
				3CAB60CC20AF8D1A00810CE4 /* BREthereumLESBase.c in Sources */,
				3CAB60CD20AF8D1A00810CE4 /* BREthereumEWM.c in Sources */,
				3CAB60D120AF8D1A00810CE4 /* BRRlpCoder.c in Sources */,
				3CAB60D220AF8D1A00810CE4 /* BRUtilMath.c in Sources */,
				3CAB60D320AF8D1A00810CE4 /* BRUtilMathParse.c in Sources */,
				3CAB60D420AF8D1A00810CE4 /* BRUtilHex.c in Sources */,
				3CAB60D520AF8D1A00810CE4 /* BRBCashAddr.c in Sources */,
				3CAB60D620AF8D1A00810CE4 /* BRAddress.c in Sources */,
				3CAB60D720AF8D1A00810CE4 /* BRBase58.c in Sources */,
				3C9025FD2108DDAE00143B69 /* BREthereumBCSSync.c in Sources */,
				3CAB60D820AF8D1A00810CE4 /* BRBech32.c in Sources */,
				3CAB60D920AF8D1A00810CE4 /* BRBIP32Sequence.c in Sources */,
				3CAB60DA20AF8D1A00810CE4 /* BRBIP38Key.c in Sources */,
				3C902623210A7E9800143B69 /* BREthereumTransfer.c in Sources */,
				3CAB60DB20AF8D1A00810CE4 /* BRBIP39Mnemonic.c in Sources */,
				3CAB60DC20AF8D1A00810CE4 /* BRBloomFilter.c in Sources */,
				3CAB60DD20AF8D1A00810CE4 /* BRCrypto.c in Sources */,
				3CAB60DE20AF8D1A00810CE4 /* BRKeyECIES.c in Sources */,
				3CDA764B210138B3005F4CF8 /* BREthereumEWMClientEvent.c in Sources */,
				3CAB60DF20AF8D1A00810CE4 /* BRKey.c in Sources */,
				3CAB60E020AF8D1A00810CE4 /* BRMerkleBlock.c in Sources */,
				3CAB60E120AF8D1A00810CE4 /* BRPaymentProtocol.c in Sources */,
				3CAB60E220AF8D1A00810CE4 /* BRPeer.c in Sources */,
				3CAB60E320AF8D1A00810CE4 /* BRPeerManager.c in Sources */,
				3CAB60E420AF8D1A00810CE4 /* BRSet.c in Sources */,
				3C386DC720C6F4AF0065E355 /* BREthereumRandom.c in Sources */,
				3C386DD420C6F6070065E355 /* BREthereumEWMEvent.c in Sources */,
				3CAB60E520AF8D1A00810CE4 /* BRTransaction.c in Sources */,
				3C386DD320C6F6070065E355 /* BREthereumEWMClient.c in Sources */,
				3CAB60E620AF8D1A00810CE4 /* BRWallet.c in Sources */,
			);
			runOnlyForDeploymentPostprocessing = 0;
		};
		3CAB60A220AF8C8500810CE4 /* Sources */ = {
			isa = PBXSourcesBuildPhase;
			buildActionMask = 2147483647;
			files = (
				3CAB613320B3536000810CE4 /* test-les.c in Sources */,
				3C9025F321064B6700143B69 /* testEvent.c in Sources */,
				3C9025FB2106613600143B69 /* testContract.c in Sources */,
				3CAB60E820AF8EE000810CE4 /* test.c in Sources */,
				3C9025F92106511700143B69 /* testEwm.c in Sources */,
				3C9025F121063BDC00143B69 /* testRlp.c in Sources */,
				3CAB60A920AF8C8500810CE4 /* CoreTests.swift in Sources */,
				3C9025EF21063AD200143B69 /* testUtil.c in Sources */,
				3C9025F721064FF800143B69 /* testBase.c in Sources */,
				3C9025F521064E9F00143B69 /* testBc.c in Sources */,
				3CAB60E720AF8ED800810CE4 /* test.c in Sources */,
			);
			runOnlyForDeploymentPostprocessing = 0;
		};
		3CAB60EA20AF936200810CE4 /* Sources */ = {
			isa = PBXSourcesBuildPhase;
			buildActionMask = 2147483647;
			files = (
				3CAB612B20B347B300810CE4 /* Currency.swift in Sources */,
				3CAB612920B347B300810CE4 /* FeeUpdater.swift in Sources */,
				3CAB612D20B347B300810CE4 /* Strings.swift in Sources */,
				3CAB612C20B347B300810CE4 /* Rate.swift in Sources */,
				3CDA7648210015A5005F4CF8 /* BREthereum.swift in Sources */,
				3CAB613020B347B300810CE4 /* Constants.swift in Sources */,
				3CAB612820B347B300810CE4 /* UserDefaults+Additions.swift in Sources */,
				3CAB611D20B347A200810CE4 /* BRCore.swift in Sources */,
				3CAB612A20B347B300810CE4 /* Environment.swift in Sources */,
				3CAB612E20B347B300810CE4 /* Support.swift in Sources */,
			);
			runOnlyForDeploymentPostprocessing = 0;
		};
		3CAB60F320AF936200810CE4 /* Sources */ = {
			isa = PBXSourcesBuildPhase;
			buildActionMask = 2147483647;
			files = (
				3CAB60FD20AF936200810CE4 /* BRCoreTests.swift in Sources */,
			);
			runOnlyForDeploymentPostprocessing = 0;
		};
/* End PBXSourcesBuildPhase section */

/* Begin PBXTargetDependency section */
		3C902617210A312500143B69 /* PBXTargetDependency */ = {
			isa = PBXTargetDependency;
			target = 3CAB60EE20AF936200810CE4 /* BRCore */;
			targetProxy = 3C902616210A312500143B69 /* PBXContainerItemProxy */;
		};
		3C902619210A312500143B69 /* PBXTargetDependency */ = {
			isa = PBXTargetDependency;
			target = 3CAB609A20AF8C5D00810CE4 /* Core */;
			targetProxy = 3C902618210A312500143B69 /* PBXContainerItemProxy */;
		};
		3CAB60AD20AF8C8500810CE4 /* PBXTargetDependency */ = {
			isa = PBXTargetDependency;
			target = 3CAB609A20AF8C5D00810CE4 /* Core */;
			targetProxy = 3CAB60AC20AF8C8500810CE4 /* PBXContainerItemProxy */;
		};
		3CAB60FA20AF936200810CE4 /* PBXTargetDependency */ = {
			isa = PBXTargetDependency;
			target = 3CAB60EE20AF936200810CE4 /* BRCore */;
			targetProxy = 3CAB60F920AF936200810CE4 /* PBXContainerItemProxy */;
		};
		3CAB610920AF938500810CE4 /* PBXTargetDependency */ = {
			isa = PBXTargetDependency;
			target = 3CAB609A20AF8C5D00810CE4 /* Core */;
			targetProxy = 3CAB610820AF938500810CE4 /* PBXContainerItemProxy */;
		};
/* End PBXTargetDependency section */

/* Begin PBXVariantGroup section */
		3C90260A210A30F100143B69 /* Main.storyboard */ = {
			isa = PBXVariantGroup;
			children = (
				3C90260B210A30F100143B69 /* Base */,
			);
			name = Main.storyboard;
			sourceTree = "<group>";
		};
		3C90260F210A30F400143B69 /* LaunchScreen.storyboard */ = {
			isa = PBXVariantGroup;
			children = (
				3C902610210A30F400143B69 /* Base */,
			);
			name = LaunchScreen.storyboard;
			sourceTree = "<group>";
		};
/* End PBXVariantGroup section */

/* Begin XCBuildConfiguration section */
		3C590F2920950C160005597B /* Debug */ = {
			isa = XCBuildConfiguration;
			buildSettings = {
				ALWAYS_SEARCH_USER_PATHS = NO;
				CLANG_ANALYZER_NONNULL = YES;
				CLANG_ANALYZER_NUMBER_OBJECT_CONVERSION = YES_AGGRESSIVE;
				CLANG_CXX_LANGUAGE_STANDARD = "gnu++14";
				CLANG_CXX_LIBRARY = "libc++";
				CLANG_ENABLE_MODULES = YES;
				CLANG_ENABLE_OBJC_ARC = YES;
				CLANG_ENABLE_OBJC_WEAK = YES;
				CLANG_WARN_BLOCK_CAPTURE_AUTORELEASING = YES;
				CLANG_WARN_BOOL_CONVERSION = YES;
				CLANG_WARN_COMMA = YES;
				CLANG_WARN_CONSTANT_CONVERSION = YES;
				CLANG_WARN_DEPRECATED_OBJC_IMPLEMENTATIONS = YES;
				CLANG_WARN_DIRECT_OBJC_ISA_USAGE = YES_ERROR;
				CLANG_WARN_DOCUMENTATION_COMMENTS = YES;
				CLANG_WARN_EMPTY_BODY = YES;
				CLANG_WARN_ENUM_CONVERSION = YES;
				CLANG_WARN_INFINITE_RECURSION = YES;
				CLANG_WARN_INT_CONVERSION = YES;
				CLANG_WARN_NON_LITERAL_NULL_CONVERSION = YES;
				CLANG_WARN_OBJC_IMPLICIT_RETAIN_SELF = YES;
				CLANG_WARN_OBJC_LITERAL_CONVERSION = YES;
				CLANG_WARN_OBJC_ROOT_CLASS = YES_ERROR;
				CLANG_WARN_RANGE_LOOP_ANALYSIS = YES;
				CLANG_WARN_STRICT_PROTOTYPES = YES;
				CLANG_WARN_SUSPICIOUS_MOVE = YES;
				CLANG_WARN_UNGUARDED_AVAILABILITY = YES_AGGRESSIVE;
				CLANG_WARN_UNREACHABLE_CODE = YES;
				CLANG_WARN__DUPLICATE_METHOD_MATCH = YES;
				CODE_SIGN_IDENTITY = "iPhone Developer";
				COPY_PHASE_STRIP = NO;
				CURRENT_PROJECT_VERSION = 1;
				DEBUG_INFORMATION_FORMAT = dwarf;
				ENABLE_STRICT_OBJC_MSGSEND = YES;
				ENABLE_TESTABILITY = YES;
				GCC_C_LANGUAGE_STANDARD = gnu11;
				GCC_DYNAMIC_NO_PIC = NO;
				GCC_NO_COMMON_BLOCKS = YES;
				GCC_OPTIMIZATION_LEVEL = 0;
				GCC_PREPROCESSOR_DEFINITIONS = (
					"DEBUG=1",
					"$(inherited)",
				);
				GCC_WARN_64_TO_32_BIT_CONVERSION = YES;
				GCC_WARN_ABOUT_RETURN_TYPE = YES_ERROR;
				GCC_WARN_UNDECLARED_SELECTOR = YES;
				GCC_WARN_UNINITIALIZED_AUTOS = YES_AGGRESSIVE;
				GCC_WARN_UNUSED_FUNCTION = YES;
				GCC_WARN_UNUSED_VARIABLE = YES;
				IPHONEOS_DEPLOYMENT_TARGET = 9.3;
				MTL_ENABLE_DEBUG_INFO = YES;
				ONLY_ACTIVE_ARCH = YES;
				SDKROOT = iphoneos;
				SWIFT_ACTIVE_COMPILATION_CONDITIONS = DEBUG;
				SWIFT_OPTIMIZATION_LEVEL = "-Onone";
				VERSIONING_SYSTEM = "apple-generic";
				VERSION_INFO_PREFIX = "";
			};
			name = Debug;
		};
		3C590F2A20950C160005597B /* Release */ = {
			isa = XCBuildConfiguration;
			buildSettings = {
				ALWAYS_SEARCH_USER_PATHS = NO;
				CLANG_ANALYZER_NONNULL = YES;
				CLANG_ANALYZER_NUMBER_OBJECT_CONVERSION = YES_AGGRESSIVE;
				CLANG_CXX_LANGUAGE_STANDARD = "gnu++14";
				CLANG_CXX_LIBRARY = "libc++";
				CLANG_ENABLE_MODULES = YES;
				CLANG_ENABLE_OBJC_ARC = YES;
				CLANG_ENABLE_OBJC_WEAK = YES;
				CLANG_WARN_BLOCK_CAPTURE_AUTORELEASING = YES;
				CLANG_WARN_BOOL_CONVERSION = YES;
				CLANG_WARN_COMMA = YES;
				CLANG_WARN_CONSTANT_CONVERSION = YES;
				CLANG_WARN_DEPRECATED_OBJC_IMPLEMENTATIONS = YES;
				CLANG_WARN_DIRECT_OBJC_ISA_USAGE = YES_ERROR;
				CLANG_WARN_DOCUMENTATION_COMMENTS = YES;
				CLANG_WARN_EMPTY_BODY = YES;
				CLANG_WARN_ENUM_CONVERSION = YES;
				CLANG_WARN_INFINITE_RECURSION = YES;
				CLANG_WARN_INT_CONVERSION = YES;
				CLANG_WARN_NON_LITERAL_NULL_CONVERSION = YES;
				CLANG_WARN_OBJC_IMPLICIT_RETAIN_SELF = YES;
				CLANG_WARN_OBJC_LITERAL_CONVERSION = YES;
				CLANG_WARN_OBJC_ROOT_CLASS = YES_ERROR;
				CLANG_WARN_RANGE_LOOP_ANALYSIS = YES;
				CLANG_WARN_STRICT_PROTOTYPES = YES;
				CLANG_WARN_SUSPICIOUS_MOVE = YES;
				CLANG_WARN_UNGUARDED_AVAILABILITY = YES_AGGRESSIVE;
				CLANG_WARN_UNREACHABLE_CODE = YES;
				CLANG_WARN__DUPLICATE_METHOD_MATCH = YES;
				CODE_SIGN_IDENTITY = "iPhone Developer";
				COPY_PHASE_STRIP = NO;
				CURRENT_PROJECT_VERSION = 1;
				DEBUG_INFORMATION_FORMAT = "dwarf-with-dsym";
				ENABLE_NS_ASSERTIONS = NO;
				ENABLE_STRICT_OBJC_MSGSEND = YES;
				GCC_C_LANGUAGE_STANDARD = gnu11;
				GCC_NO_COMMON_BLOCKS = YES;
				GCC_WARN_64_TO_32_BIT_CONVERSION = YES;
				GCC_WARN_ABOUT_RETURN_TYPE = YES_ERROR;
				GCC_WARN_UNDECLARED_SELECTOR = YES;
				GCC_WARN_UNINITIALIZED_AUTOS = YES_AGGRESSIVE;
				GCC_WARN_UNUSED_FUNCTION = YES;
				GCC_WARN_UNUSED_VARIABLE = YES;
				IPHONEOS_DEPLOYMENT_TARGET = 9.3;
				MTL_ENABLE_DEBUG_INFO = NO;
				SDKROOT = iphoneos;
				SWIFT_COMPILATION_MODE = wholemodule;
				SWIFT_OPTIMIZATION_LEVEL = "-O";
				VALIDATE_PRODUCT = YES;
				VERSIONING_SYSTEM = "apple-generic";
				VERSION_INFO_PREFIX = "";
			};
			name = Release;
		};
		3C902613210A30F400143B69 /* Debug */ = {
			isa = XCBuildConfiguration;
			buildSettings = {
				ALWAYS_EMBED_SWIFT_STANDARD_LIBRARIES = YES;
				ASSETCATALOG_COMPILER_APPICON_NAME = AppIcon;
				CODE_SIGN_STYLE = Automatic;
				DEVELOPMENT_TEAM = 4R7S6N88W9;
				INFOPLIST_FILE = CoreDemo/Info.plist;
				IPHONEOS_DEPLOYMENT_TARGET = 11.4;
				LD_RUNPATH_SEARCH_PATHS = (
					"$(inherited)",
					"@executable_path/Frameworks",
				);
				PRODUCT_BUNDLE_IDENTIFIER = com.breadwallet.CoreDemo;
				PRODUCT_NAME = "$(TARGET_NAME)";
				SWIFT_VERSION = 4.0;
				TARGETED_DEVICE_FAMILY = "1,2";
			};
			name = Debug;
		};
		3C902614210A30F400143B69 /* Release */ = {
			isa = XCBuildConfiguration;
			buildSettings = {
				ALWAYS_EMBED_SWIFT_STANDARD_LIBRARIES = YES;
				ASSETCATALOG_COMPILER_APPICON_NAME = AppIcon;
				CODE_SIGN_STYLE = Automatic;
				DEVELOPMENT_TEAM = 4R7S6N88W9;
				INFOPLIST_FILE = CoreDemo/Info.plist;
				IPHONEOS_DEPLOYMENT_TARGET = 11.4;
				LD_RUNPATH_SEARCH_PATHS = (
					"$(inherited)",
					"@executable_path/Frameworks",
				);
				PRODUCT_BUNDLE_IDENTIFIER = com.breadwallet.CoreDemo;
				PRODUCT_NAME = "$(TARGET_NAME)";
				SWIFT_VERSION = 4.0;
				TARGETED_DEVICE_FAMILY = "1,2";
			};
			name = Release;
		};
		3CAB60A020AF8C5D00810CE4 /* Debug */ = {
			isa = XCBuildConfiguration;
			buildSettings = {
				CLANG_WARN_COMMA = NO;
				CLANG_WARN_DOCUMENTATION_COMMENTS = NO;
				CODE_SIGN_STYLE = Automatic;
				DEVELOPMENT_TEAM = 4R7S6N88W9;
				HEADER_SEARCH_PATHS = (
					./,
					../,
					../secp256k1/,
				);
				IPHONEOS_DEPLOYMENT_TARGET = 11.3;
				OTHER_LDFLAGS = "-ObjC";
				PRODUCT_NAME = "$(TARGET_NAME)";
				SKIP_INSTALL = YES;
				SWIFT_VERSION = 4.0;
				TARGETED_DEVICE_FAMILY = "1,2";
			};
			name = Debug;
		};
		3CAB60A120AF8C5D00810CE4 /* Release */ = {
			isa = XCBuildConfiguration;
			buildSettings = {
				CLANG_WARN_COMMA = NO;
				CLANG_WARN_DOCUMENTATION_COMMENTS = NO;
				CODE_SIGN_STYLE = Automatic;
				DEVELOPMENT_TEAM = 4R7S6N88W9;
				HEADER_SEARCH_PATHS = (
					./,
					../,
					../secp256k1/,
				);
				IPHONEOS_DEPLOYMENT_TARGET = 11.3;
				OTHER_LDFLAGS = "-ObjC";
				PRODUCT_NAME = "$(TARGET_NAME)";
				SKIP_INSTALL = YES;
				SWIFT_VERSION = 4.0;
				TARGETED_DEVICE_FAMILY = "1,2";
			};
			name = Release;
		};
		3CAB60AF20AF8C8500810CE4 /* Debug */ = {
			isa = XCBuildConfiguration;
			buildSettings = {
				CLANG_WARN_COMMA = NO;
				CLANG_WARN_DOCUMENTATION_COMMENTS = NO;
				CODE_SIGN_STYLE = Automatic;
				DEVELOPMENT_TEAM = 4R7S6N88W9;
				INFOPLIST_FILE = CoreTests/Info.plist;
				IPHONEOS_DEPLOYMENT_TARGET = 11.3;
				LD_RUNPATH_SEARCH_PATHS = (
					"$(inherited)",
					"@executable_path/Frameworks",
					"@loader_path/Frameworks",
				);
				PRODUCT_BUNDLE_IDENTIFIER = com.breadwallet.CoreTests;
				PRODUCT_NAME = "$(TARGET_NAME)";
				SWIFT_OBJC_BRIDGING_HEADER = "CoreTests/CoreTests-Bridging-Header.h";
				SWIFT_VERSION = 4.0;
				TARGETED_DEVICE_FAMILY = "1,2";
			};
			name = Debug;
		};
		3CAB60B020AF8C8500810CE4 /* Release */ = {
			isa = XCBuildConfiguration;
			buildSettings = {
				CLANG_WARN_COMMA = NO;
				CLANG_WARN_DOCUMENTATION_COMMENTS = NO;
				CODE_SIGN_STYLE = Automatic;
				DEVELOPMENT_TEAM = 4R7S6N88W9;
				INFOPLIST_FILE = CoreTests/Info.plist;
				IPHONEOS_DEPLOYMENT_TARGET = 11.3;
				LD_RUNPATH_SEARCH_PATHS = (
					"$(inherited)",
					"@executable_path/Frameworks",
					"@loader_path/Frameworks",
				);
				PRODUCT_BUNDLE_IDENTIFIER = com.breadwallet.CoreTests;
				PRODUCT_NAME = "$(TARGET_NAME)";
				SWIFT_OBJC_BRIDGING_HEADER = "CoreTests/CoreTests-Bridging-Header.h";
				SWIFT_VERSION = 4.0;
				TARGETED_DEVICE_FAMILY = "1,2";
			};
			name = Release;
		};
		3CAB610120AF936300810CE4 /* Debug */ = {
			isa = XCBuildConfiguration;
			buildSettings = {
				CODE_SIGN_IDENTITY = "";
				CODE_SIGN_STYLE = Automatic;
				DEFINES_MODULE = YES;
				DEVELOPMENT_TEAM = 4R7S6N88W9;
				DYLIB_COMPATIBILITY_VERSION = 1;
				DYLIB_CURRENT_VERSION = 1;
				DYLIB_INSTALL_NAME_BASE = "@rpath";
				INFOPLIST_FILE = BRCore/Info.plist;
				INSTALL_PATH = "$(LOCAL_LIBRARY_DIR)/Frameworks";
				IPHONEOS_DEPLOYMENT_TARGET = 11.3;
				LD_RUNPATH_SEARCH_PATHS = (
					"$(inherited)",
					"@executable_path/Frameworks",
					"@loader_path/Frameworks",
				);
				PRODUCT_BUNDLE_IDENTIFIER = com.breadwallet.BRCore;
				PRODUCT_NAME = "$(TARGET_NAME:c99extidentifier)";
				SKIP_INSTALL = YES;
				SWIFT_INCLUDE_PATHS = "$(SRCROOT)/Core/";
				SWIFT_VERSION = 4.0;
				TARGETED_DEVICE_FAMILY = "1,2";
			};
			name = Debug;
		};
		3CAB610220AF936300810CE4 /* Release */ = {
			isa = XCBuildConfiguration;
			buildSettings = {
				CODE_SIGN_IDENTITY = "";
				CODE_SIGN_STYLE = Automatic;
				DEFINES_MODULE = YES;
				DEVELOPMENT_TEAM = 4R7S6N88W9;
				DYLIB_COMPATIBILITY_VERSION = 1;
				DYLIB_CURRENT_VERSION = 1;
				DYLIB_INSTALL_NAME_BASE = "@rpath";
				INFOPLIST_FILE = BRCore/Info.plist;
				INSTALL_PATH = "$(LOCAL_LIBRARY_DIR)/Frameworks";
				IPHONEOS_DEPLOYMENT_TARGET = 11.3;
				LD_RUNPATH_SEARCH_PATHS = (
					"$(inherited)",
					"@executable_path/Frameworks",
					"@loader_path/Frameworks",
				);
				PRODUCT_BUNDLE_IDENTIFIER = com.breadwallet.BRCore;
				PRODUCT_NAME = "$(TARGET_NAME:c99extidentifier)";
				SKIP_INSTALL = YES;
				SWIFT_INCLUDE_PATHS = "$(SRCROOT)/Core/";
				SWIFT_VERSION = 4.0;
				TARGETED_DEVICE_FAMILY = "1,2";
			};
			name = Release;
		};
		3CAB610420AF936300810CE4 /* Debug */ = {
			isa = XCBuildConfiguration;
			buildSettings = {
				ALWAYS_EMBED_SWIFT_STANDARD_LIBRARIES = YES;
				CODE_SIGN_STYLE = Automatic;
				DEVELOPMENT_TEAM = 4R7S6N88W9;
				INFOPLIST_FILE = BRCoreTests/Info.plist;
				IPHONEOS_DEPLOYMENT_TARGET = 11.3;
				LD_RUNPATH_SEARCH_PATHS = (
					"$(inherited)",
					"@executable_path/Frameworks",
					"@loader_path/Frameworks",
				);
				PRODUCT_BUNDLE_IDENTIFIER = com.breadwallet.BRCoreTests;
				PRODUCT_NAME = "$(TARGET_NAME)";
				SWIFT_VERSION = 4.0;
				TARGETED_DEVICE_FAMILY = "1,2";
			};
			name = Debug;
		};
		3CAB610520AF936300810CE4 /* Release */ = {
			isa = XCBuildConfiguration;
			buildSettings = {
				ALWAYS_EMBED_SWIFT_STANDARD_LIBRARIES = YES;
				CODE_SIGN_STYLE = Automatic;
				DEVELOPMENT_TEAM = 4R7S6N88W9;
				INFOPLIST_FILE = BRCoreTests/Info.plist;
				IPHONEOS_DEPLOYMENT_TARGET = 11.3;
				LD_RUNPATH_SEARCH_PATHS = (
					"$(inherited)",
					"@executable_path/Frameworks",
					"@loader_path/Frameworks",
				);
				PRODUCT_BUNDLE_IDENTIFIER = com.breadwallet.BRCoreTests;
				PRODUCT_NAME = "$(TARGET_NAME)";
				SWIFT_VERSION = 4.0;
				TARGETED_DEVICE_FAMILY = "1,2";
			};
			name = Release;
		};
/* End XCBuildConfiguration section */

/* Begin XCConfigurationList section */
		3C590F1120950C160005597B /* Build configuration list for PBXProject "BRCore" */ = {
			isa = XCConfigurationList;
			buildConfigurations = (
				3C590F2920950C160005597B /* Debug */,
				3C590F2A20950C160005597B /* Release */,
			);
			defaultConfigurationIsVisible = 0;
			defaultConfigurationName = Release;
		};
		3C902615210A30F400143B69 /* Build configuration list for PBXNativeTarget "CoreDemo" */ = {
			isa = XCConfigurationList;
			buildConfigurations = (
				3C902613210A30F400143B69 /* Debug */,
				3C902614210A30F400143B69 /* Release */,
			);
			defaultConfigurationIsVisible = 0;
			defaultConfigurationName = Release;
		};
		3CAB609F20AF8C5D00810CE4 /* Build configuration list for PBXNativeTarget "Core" */ = {
			isa = XCConfigurationList;
			buildConfigurations = (
				3CAB60A020AF8C5D00810CE4 /* Debug */,
				3CAB60A120AF8C5D00810CE4 /* Release */,
			);
			defaultConfigurationIsVisible = 0;
			defaultConfigurationName = Release;
		};
		3CAB60AE20AF8C8500810CE4 /* Build configuration list for PBXNativeTarget "CoreTests" */ = {
			isa = XCConfigurationList;
			buildConfigurations = (
				3CAB60AF20AF8C8500810CE4 /* Debug */,
				3CAB60B020AF8C8500810CE4 /* Release */,
			);
			defaultConfigurationIsVisible = 0;
			defaultConfigurationName = Release;
		};
		3CAB610020AF936300810CE4 /* Build configuration list for PBXNativeTarget "BRCore" */ = {
			isa = XCConfigurationList;
			buildConfigurations = (
				3CAB610120AF936300810CE4 /* Debug */,
				3CAB610220AF936300810CE4 /* Release */,
			);
			defaultConfigurationIsVisible = 0;
			defaultConfigurationName = Release;
		};
		3CAB610320AF936300810CE4 /* Build configuration list for PBXNativeTarget "BRCoreTests" */ = {
			isa = XCConfigurationList;
			buildConfigurations = (
				3CAB610420AF936300810CE4 /* Debug */,
				3CAB610520AF936300810CE4 /* Release */,
			);
			defaultConfigurationIsVisible = 0;
			defaultConfigurationName = Release;
		};
/* End XCConfigurationList section */
	};
	rootObject = 3C590F0E20950C160005597B /* Project object */;
}
